// !$*UTF8*$!
{
	archiveVersion = 1;
	classes = {
	};
	objectVersion = 48;
	objects = {

/* Begin PBXBuildFile section */
		1E8796C11FCB08B9009B27A3 /* AppDelegate.swift in Sources */ = {isa = PBXBuildFile; fileRef = 1E8796C01FCB08B9009B27A3 /* AppDelegate.swift */; };
		1E8796C31FCB08B9009B27A3 /* ViewController.swift in Sources */ = {isa = PBXBuildFile; fileRef = 1E8796C21FCB08B9009B27A3 /* ViewController.swift */; };
		1E8796C61FCB08B9009B27A3 /* Main.storyboard in Resources */ = {isa = PBXBuildFile; fileRef = 1E8796C41FCB08B9009B27A3 /* Main.storyboard */; };
		1E8796C81FCB08B9009B27A3 /* Assets.xcassets in Resources */ = {isa = PBXBuildFile; fileRef = 1E8796C71FCB08B9009B27A3 /* Assets.xcassets */; };
		1E8796CB1FCB08B9009B27A3 /* LaunchScreen.storyboard in Resources */ = {isa = PBXBuildFile; fileRef = 1E8796C91FCB08B9009B27A3 /* LaunchScreen.storyboard */; };
		1E8796D61FCB08B9009B27A3 /* AVPlayerTests.swift in Sources */ = {isa = PBXBuildFile; fileRef = 1E8796D51FCB08B9009B27A3 /* AVPlayerTests.swift */; };
		30EFA0218ACB66A413695F64 /* Pods_AVPlayer_AVPlayerTests.framework in Frameworks */ = {isa = PBXBuildFile; fileRef = 7C0BD505701784BCC12E2C49 /* Pods_AVPlayer_AVPlayerTests.framework */; };
		A341BF5A74BD158D2156D23C /* Pods_AVPlayer.framework in Frameworks */ = {isa = PBXBuildFile; fileRef = D5B988F4F1E17881CE8CC3E1 /* Pods_AVPlayer.framework */; };
/* End PBXBuildFile section */

/* Begin PBXContainerItemProxy section */
		1E8796D21FCB08B9009B27A3 /* PBXContainerItemProxy */ = {
			isa = PBXContainerItemProxy;
			containerPortal = 1E8796B51FCB08B9009B27A3 /* Project object */;
			proxyType = 1;
			remoteGlobalIDString = 1E8796BC1FCB08B9009B27A3;
			remoteInfo = AVPlayer;
		};
/* End PBXContainerItemProxy section */

/* Begin PBXFileReference section */
		17347DCB6DE0394DD92FD4BC /* Pods-AVPlayer.release.xcconfig */ = {isa = PBXFileReference; includeInIndex = 1; lastKnownFileType = text.xcconfig; name = "Pods-AVPlayer.release.xcconfig"; path = "Pods/Target Support Files/Pods-AVPlayer/Pods-AVPlayer.release.xcconfig"; sourceTree = "<group>"; };
		1E8796BD1FCB08B9009B27A3 /* AVPlayer.app */ = {isa = PBXFileReference; explicitFileType = wrapper.application; includeInIndex = 0; path = AVPlayer.app; sourceTree = BUILT_PRODUCTS_DIR; };
		1E8796C01FCB08B9009B27A3 /* AppDelegate.swift */ = {isa = PBXFileReference; lastKnownFileType = sourcecode.swift; path = AppDelegate.swift; sourceTree = "<group>"; };
		1E8796C21FCB08B9009B27A3 /* ViewController.swift */ = {isa = PBXFileReference; lastKnownFileType = sourcecode.swift; path = ViewController.swift; sourceTree = "<group>"; };
		1E8796C51FCB08B9009B27A3 /* Base */ = {isa = PBXFileReference; lastKnownFileType = file.storyboard; name = Base; path = Base.lproj/Main.storyboard; sourceTree = "<group>"; };
		1E8796C71FCB08B9009B27A3 /* Assets.xcassets */ = {isa = PBXFileReference; lastKnownFileType = folder.assetcatalog; path = Assets.xcassets; sourceTree = "<group>"; };
		1E8796CA1FCB08B9009B27A3 /* Base */ = {isa = PBXFileReference; lastKnownFileType = file.storyboard; name = Base; path = Base.lproj/LaunchScreen.storyboard; sourceTree = "<group>"; };
		1E8796CC1FCB08B9009B27A3 /* Info.plist */ = {isa = PBXFileReference; lastKnownFileType = text.plist.xml; path = Info.plist; sourceTree = "<group>"; };
		1E8796D11FCB08B9009B27A3 /* AVPlayerTests.xctest */ = {isa = PBXFileReference; explicitFileType = wrapper.cfbundle; includeInIndex = 0; path = AVPlayerTests.xctest; sourceTree = BUILT_PRODUCTS_DIR; };
		1E8796D51FCB08B9009B27A3 /* AVPlayerTests.swift */ = {isa = PBXFileReference; lastKnownFileType = sourcecode.swift; path = AVPlayerTests.swift; sourceTree = "<group>"; };
		1E8796D71FCB08B9009B27A3 /* Info.plist */ = {isa = PBXFileReference; lastKnownFileType = text.plist.xml; path = Info.plist; sourceTree = "<group>"; };
		4846B989F0AF7E601FE2FA1F /* Pods-AVPlayer-AVPlayerTests.debug.xcconfig */ = {isa = PBXFileReference; includeInIndex = 1; lastKnownFileType = text.xcconfig; name = "Pods-AVPlayer-AVPlayerTests.debug.xcconfig"; path = "Pods/Target Support Files/Pods-AVPlayer-AVPlayerTests/Pods-AVPlayer-AVPlayerTests.debug.xcconfig"; sourceTree = "<group>"; };
		7C0BD505701784BCC12E2C49 /* Pods_AVPlayer_AVPlayerTests.framework */ = {isa = PBXFileReference; explicitFileType = wrapper.framework; includeInIndex = 0; path = Pods_AVPlayer_AVPlayerTests.framework; sourceTree = BUILT_PRODUCTS_DIR; };
		95733E1B04124469B3F79F9F /* Pods-AVPlayer.debug.xcconfig */ = {isa = PBXFileReference; includeInIndex = 1; lastKnownFileType = text.xcconfig; name = "Pods-AVPlayer.debug.xcconfig"; path = "Pods/Target Support Files/Pods-AVPlayer/Pods-AVPlayer.debug.xcconfig"; sourceTree = "<group>"; };
		D5B988F4F1E17881CE8CC3E1 /* Pods_AVPlayer.framework */ = {isa = PBXFileReference; explicitFileType = wrapper.framework; includeInIndex = 0; path = Pods_AVPlayer.framework; sourceTree = BUILT_PRODUCTS_DIR; };
		FB1AC8A1712F5103F2098EA4 /* Pods-AVPlayer-AVPlayerTests.release.xcconfig */ = {isa = PBXFileReference; includeInIndex = 1; lastKnownFileType = text.xcconfig; name = "Pods-AVPlayer-AVPlayerTests.release.xcconfig"; path = "Pods/Target Support Files/Pods-AVPlayer-AVPlayerTests/Pods-AVPlayer-AVPlayerTests.release.xcconfig"; sourceTree = "<group>"; };
/* End PBXFileReference section */

/* Begin PBXFrameworksBuildPhase section */
		1E8796BA1FCB08B9009B27A3 /* Frameworks */ = {
			isa = PBXFrameworksBuildPhase;
			buildActionMask = 2147483647;
			files = (
				A341BF5A74BD158D2156D23C /* Pods_AVPlayer.framework in Frameworks */,
			);
			runOnlyForDeploymentPostprocessing = 0;
		};
		1E8796CE1FCB08B9009B27A3 /* Frameworks */ = {
			isa = PBXFrameworksBuildPhase;
			buildActionMask = 2147483647;
			files = (
				30EFA0218ACB66A413695F64 /* Pods_AVPlayer_AVPlayerTests.framework in Frameworks */,
			);
			runOnlyForDeploymentPostprocessing = 0;
		};
/* End PBXFrameworksBuildPhase section */

/* Begin PBXGroup section */
		1E8796B41FCB08B9009B27A3 = {
			isa = PBXGroup;
			children = (
				1E8796BF1FCB08B9009B27A3 /* AVPlayer */,
				1E8796D41FCB08B9009B27A3 /* AVPlayerTests */,
				1E8796BE1FCB08B9009B27A3 /* Products */,
				B725CAD1F2ACA8A3B87E6212 /* Pods */,
				C3366BA29E29994D10DF2047 /* Frameworks */,
			);
			sourceTree = "<group>";
		};
		1E8796BE1FCB08B9009B27A3 /* Products */ = {
			isa = PBXGroup;
			children = (
				1E8796BD1FCB08B9009B27A3 /* AVPlayer.app */,
				1E8796D11FCB08B9009B27A3 /* AVPlayerTests.xctest */,
			);
			name = Products;
			sourceTree = "<group>";
		};
		1E8796BF1FCB08B9009B27A3 /* AVPlayer */ = {
			isa = PBXGroup;
			children = (
				1E8796C01FCB08B9009B27A3 /* AppDelegate.swift */,
				1E8796C21FCB08B9009B27A3 /* ViewController.swift */,
				1E8796C41FCB08B9009B27A3 /* Main.storyboard */,
				1E8796C71FCB08B9009B27A3 /* Assets.xcassets */,
				1E8796C91FCB08B9009B27A3 /* LaunchScreen.storyboard */,
				1E8796CC1FCB08B9009B27A3 /* Info.plist */,
			);
			path = AVPlayer;
			sourceTree = "<group>";
		};
		1E8796D41FCB08B9009B27A3 /* AVPlayerTests */ = {
			isa = PBXGroup;
			children = (
				1E8796D51FCB08B9009B27A3 /* AVPlayerTests.swift */,
				1E8796D71FCB08B9009B27A3 /* Info.plist */,
			);
			path = AVPlayerTests;
			sourceTree = "<group>";
		};
		B725CAD1F2ACA8A3B87E6212 /* Pods */ = {
			isa = PBXGroup;
			children = (
				95733E1B04124469B3F79F9F /* Pods-AVPlayer.debug.xcconfig */,
				17347DCB6DE0394DD92FD4BC /* Pods-AVPlayer.release.xcconfig */,
				4846B989F0AF7E601FE2FA1F /* Pods-AVPlayer-AVPlayerTests.debug.xcconfig */,
				FB1AC8A1712F5103F2098EA4 /* Pods-AVPlayer-AVPlayerTests.release.xcconfig */,
			);
			name = Pods;
			sourceTree = "<group>";
		};
		C3366BA29E29994D10DF2047 /* Frameworks */ = {
			isa = PBXGroup;
			children = (
				D5B988F4F1E17881CE8CC3E1 /* Pods_AVPlayer.framework */,
				7C0BD505701784BCC12E2C49 /* Pods_AVPlayer_AVPlayerTests.framework */,
			);
			name = Frameworks;
			sourceTree = "<group>";
		};
/* End PBXGroup section */

/* Begin PBXNativeTarget section */
		1E8796BC1FCB08B9009B27A3 /* AVPlayer */ = {
			isa = PBXNativeTarget;
			buildConfigurationList = 1E8796DA1FCB08B9009B27A3 /* Build configuration list for PBXNativeTarget "AVPlayer" */;
			buildPhases = (
				BCC385E40184005DAA714BE9 /* [CP] Check Pods Manifest.lock */,
				1E8796B91FCB08B9009B27A3 /* Sources */,
				1E8796BA1FCB08B9009B27A3 /* Frameworks */,
				1E8796BB1FCB08B9009B27A3 /* Resources */,
				843817D3F514E4D708EF004A /* [CP] Embed Pods Frameworks */,
				6A9DB3DBC97F0D9BDC11BDD3 /* [CP] Copy Pods Resources */,
			);
			buildRules = (
			);
			dependencies = (
			);
			name = AVPlayer;
			productName = AVPlayer;
			productReference = 1E8796BD1FCB08B9009B27A3 /* AVPlayer.app */;
			productType = "com.apple.product-type.application";
		};
		1E8796D01FCB08B9009B27A3 /* AVPlayerTests */ = {
			isa = PBXNativeTarget;
			buildConfigurationList = 1E8796DD1FCB08B9009B27A3 /* Build configuration list for PBXNativeTarget "AVPlayerTests" */;
			buildPhases = (
				7646FC2FA81A2EC27F71E8CC /* [CP] Check Pods Manifest.lock */,
				1E8796CD1FCB08B9009B27A3 /* Sources */,
				1E8796CE1FCB08B9009B27A3 /* Frameworks */,
				1E8796CF1FCB08B9009B27A3 /* Resources */,
				018DF2241F37959CDD94F3EC /* [CP] Embed Pods Frameworks */,
				762DF76FED4EFA82E15774E3 /* [CP] Copy Pods Resources */,
			);
			buildRules = (
			);
			dependencies = (
				1E8796D31FCB08B9009B27A3 /* PBXTargetDependency */,
			);
			name = AVPlayerTests;
			productName = AVPlayerTests;
			productReference = 1E8796D11FCB08B9009B27A3 /* AVPlayerTests.xctest */;
			productType = "com.apple.product-type.bundle.unit-test";
		};
/* End PBXNativeTarget section */

/* Begin PBXProject section */
		1E8796B51FCB08B9009B27A3 /* Project object */ = {
			isa = PBXProject;
			attributes = {
				LastSwiftUpdateCheck = 0910;
				LastUpgradeCheck = 0910;
				ORGANIZATIONNAME = "韩承海";
				TargetAttributes = {
					1E8796BC1FCB08B9009B27A3 = {
						CreatedOnToolsVersion = 9.1;
						ProvisioningStyle = Automatic;
					};
					1E8796D01FCB08B9009B27A3 = {
						CreatedOnToolsVersion = 9.1;
						ProvisioningStyle = Automatic;
						TestTargetID = 1E8796BC1FCB08B9009B27A3;
					};
				};
			};
			buildConfigurationList = 1E8796B81FCB08B9009B27A3 /* Build configuration list for PBXProject "AVPlayer" */;
			compatibilityVersion = "Xcode 8.0";
			developmentRegion = en;
			hasScannedForEncodings = 0;
			knownRegions = (
				en,
				Base,
			);
			mainGroup = 1E8796B41FCB08B9009B27A3;
			productRefGroup = 1E8796BE1FCB08B9009B27A3 /* Products */;
			projectDirPath = "";
			projectRoot = "";
			targets = (
				1E8796BC1FCB08B9009B27A3 /* AVPlayer */,
				1E8796D01FCB08B9009B27A3 /* AVPlayerTests */,
			);
		};
/* End PBXProject section */

/* Begin PBXResourcesBuildPhase section */
		1E8796BB1FCB08B9009B27A3 /* Resources */ = {
			isa = PBXResourcesBuildPhase;
			buildActionMask = 2147483647;
			files = (
				1E8796CB1FCB08B9009B27A3 /* LaunchScreen.storyboard in Resources */,
				1E8796C81FCB08B9009B27A3 /* Assets.xcassets in Resources */,
				1E8796C61FCB08B9009B27A3 /* Main.storyboard in Resources */,
			);
			runOnlyForDeploymentPostprocessing = 0;
		};
		1E8796CF1FCB08B9009B27A3 /* Resources */ = {
			isa = PBXResourcesBuildPhase;
			buildActionMask = 2147483647;
			files = (
			);
			runOnlyForDeploymentPostprocessing = 0;
		};
/* End PBXResourcesBuildPhase section */

/* Begin PBXShellScriptBuildPhase section */
		018DF2241F37959CDD94F3EC /* [CP] Embed Pods Frameworks */ = {
			isa = PBXShellScriptBuildPhase;
			buildActionMask = 2147483647;
			files = (
			);
			inputPaths = (
				"${SRCROOT}/Pods/Target Support Files/Pods-AVPlayer-AVPlayerTests/Pods-AVPlayer-AVPlayerTests-frameworks.sh",
				"${BUILT_PRODUCTS_DIR}/Alamofire/Alamofire.framework",
				"${BUILT_PRODUCTS_DIR}/ReactiveSwift/ReactiveSwift.framework",
				"${BUILT_PRODUCTS_DIR}/Result/Result.framework",
				"${BUILT_PRODUCTS_DIR}/RxCocoa/RxCocoa.framework",
				"${BUILT_PRODUCTS_DIR}/RxSwift/RxSwift.framework",
				"${BUILT_PRODUCTS_DIR}/SnapKit/SnapKit.framework",
				"${BUILT_PRODUCTS_DIR}/SwiftyJSON/SwiftyJSON.framework",
			);
			name = "[CP] Embed Pods Frameworks";
			outputPaths = (
				"${TARGET_BUILD_DIR}/${FRAMEWORKS_FOLDER_PATH}/Alamofire.framework",
				"${TARGET_BUILD_DIR}/${FRAMEWORKS_FOLDER_PATH}/ReactiveSwift.framework",
				"${TARGET_BUILD_DIR}/${FRAMEWORKS_FOLDER_PATH}/Result.framework",
				"${TARGET_BUILD_DIR}/${FRAMEWORKS_FOLDER_PATH}/RxCocoa.framework",
				"${TARGET_BUILD_DIR}/${FRAMEWORKS_FOLDER_PATH}/RxSwift.framework",
				"${TARGET_BUILD_DIR}/${FRAMEWORKS_FOLDER_PATH}/SnapKit.framework",
				"${TARGET_BUILD_DIR}/${FRAMEWORKS_FOLDER_PATH}/SwiftyJSON.framework",
			);
			runOnlyForDeploymentPostprocessing = 0;
			shellPath = /bin/sh;
			shellScript = "\"${SRCROOT}/Pods/Target Support Files/Pods-AVPlayer-AVPlayerTests/Pods-AVPlayer-AVPlayerTests-frameworks.sh\"\n";
			showEnvVarsInLog = 0;
		};
		6A9DB3DBC97F0D9BDC11BDD3 /* [CP] Copy Pods Resources */ = {
			isa = PBXShellScriptBuildPhase;
			buildActionMask = 2147483647;
			files = (
			);
			inputPaths = (
			);
			name = "[CP] Copy Pods Resources";
			outputPaths = (
			);
			runOnlyForDeploymentPostprocessing = 0;
			shellPath = /bin/sh;
			shellScript = "\"${SRCROOT}/Pods/Target Support Files/Pods-AVPlayer/Pods-AVPlayer-resources.sh\"\n";
			showEnvVarsInLog = 0;
		};
		762DF76FED4EFA82E15774E3 /* [CP] Copy Pods Resources */ = {
			isa = PBXShellScriptBuildPhase;
			buildActionMask = 2147483647;
			files = (
			);
			inputPaths = (
			);
			name = "[CP] Copy Pods Resources";
			outputPaths = (
			);
			runOnlyForDeploymentPostprocessing = 0;
			shellPath = /bin/sh;
			shellScript = "\"${SRCROOT}/Pods/Target Support Files/Pods-AVPlayer-AVPlayerTests/Pods-AVPlayer-AVPlayerTests-resources.sh\"\n";
			showEnvVarsInLog = 0;
		};
		7646FC2FA81A2EC27F71E8CC /* [CP] Check Pods Manifest.lock */ = {
			isa = PBXShellScriptBuildPhase;
			buildActionMask = 2147483647;
			files = (
			);
			inputPaths = (
				"${PODS_PODFILE_DIR_PATH}/Podfile.lock",
				"${PODS_ROOT}/Manifest.lock",
			);
			name = "[CP] Check Pods Manifest.lock";
			outputPaths = (
				"$(DERIVED_FILE_DIR)/Pods-AVPlayer-AVPlayerTests-checkManifestLockResult.txt",
			);
			runOnlyForDeploymentPostprocessing = 0;
			shellPath = /bin/sh;
			shellScript = "diff \"${PODS_PODFILE_DIR_PATH}/Podfile.lock\" \"${PODS_ROOT}/Manifest.lock\" > /dev/null\nif [ $? != 0 ] ; then\n    # print error to STDERR\n    echo \"error: The sandbox is not in sync with the Podfile.lock. Run 'pod install' or update your CocoaPods installation.\" >&2\n    exit 1\nfi\n# This output is used by Xcode 'outputs' to avoid re-running this script phase.\necho \"SUCCESS\" > \"${SCRIPT_OUTPUT_FILE_0}\"\n";
			showEnvVarsInLog = 0;
		};
		843817D3F514E4D708EF004A /* [CP] Embed Pods Frameworks */ = {
			isa = PBXShellScriptBuildPhase;
			buildActionMask = 2147483647;
			files = (
			);
			inputPaths = (
				"${SRCROOT}/Pods/Target Support Files/Pods-AVPlayer/Pods-AVPlayer-frameworks.sh",
				"${BUILT_PRODUCTS_DIR}/Alamofire/Alamofire.framework",
				"${BUILT_PRODUCTS_DIR}/ReactiveSwift/ReactiveSwift.framework",
				"${BUILT_PRODUCTS_DIR}/Result/Result.framework",
				"${BUILT_PRODUCTS_DIR}/RxCocoa/RxCocoa.framework",
				"${BUILT_PRODUCTS_DIR}/RxSwift/RxSwift.framework",
				"${BUILT_PRODUCTS_DIR}/SnapKit/SnapKit.framework",
				"${BUILT_PRODUCTS_DIR}/SwiftyJSON/SwiftyJSON.framework",
			);
			name = "[CP] Embed Pods Frameworks";
			outputPaths = (
				"${TARGET_BUILD_DIR}/${FRAMEWORKS_FOLDER_PATH}/Alamofire.framework",
				"${TARGET_BUILD_DIR}/${FRAMEWORKS_FOLDER_PATH}/ReactiveSwift.framework",
				"${TARGET_BUILD_DIR}/${FRAMEWORKS_FOLDER_PATH}/Result.framework",
				"${TARGET_BUILD_DIR}/${FRAMEWORKS_FOLDER_PATH}/RxCocoa.framework",
				"${TARGET_BUILD_DIR}/${FRAMEWORKS_FOLDER_PATH}/RxSwift.framework",
				"${TARGET_BUILD_DIR}/${FRAMEWORKS_FOLDER_PATH}/SnapKit.framework",
				"${TARGET_BUILD_DIR}/${FRAMEWORKS_FOLDER_PATH}/SwiftyJSON.framework",
			);
			runOnlyForDeploymentPostprocessing = 0;
			shellPath = /bin/sh;
			shellScript = "\"${SRCROOT}/Pods/Target Support Files/Pods-AVPlayer/Pods-AVPlayer-frameworks.sh\"\n";
			showEnvVarsInLog = 0;
		};
		BCC385E40184005DAA714BE9 /* [CP] Check Pods Manifest.lock */ = {
			isa = PBXShellScriptBuildPhase;
			buildActionMask = 2147483647;
			files = (
			);
			inputPaths = (
				"${PODS_PODFILE_DIR_PATH}/Podfile.lock",
				"${PODS_ROOT}/Manifest.lock",
			);
			name = "[CP] Check Pods Manifest.lock";
			outputPaths = (
				"$(DERIVED_FILE_DIR)/Pods-AVPlayer-checkManifestLockResult.txt",
			);
			runOnlyForDeploymentPostprocessing = 0;
			shellPath = /bin/sh;
			shellScript = "diff \"${PODS_PODFILE_DIR_PATH}/Podfile.lock\" \"${PODS_ROOT}/Manifest.lock\" > /dev/null\nif [ $? != 0 ] ; then\n    # print error to STDERR\n    echo \"error: The sandbox is not in sync with the Podfile.lock. Run 'pod install' or update your CocoaPods installation.\" >&2\n    exit 1\nfi\n# This output is used by Xcode 'outputs' to avoid re-running this script phase.\necho \"SUCCESS\" > \"${SCRIPT_OUTPUT_FILE_0}\"\n";
			showEnvVarsInLog = 0;
		};
/* End PBXShellScriptBuildPhase section */

/* Begin PBXSourcesBuildPhase section */
		1E8796B91FCB08B9009B27A3 /* Sources */ = {
			isa = PBXSourcesBuildPhase;
			buildActionMask = 2147483647;
			files = (
				1E8796C31FCB08B9009B27A3 /* ViewController.swift in Sources */,
				1E8796C11FCB08B9009B27A3 /* AppDelegate.swift in Sources */,
			);
			runOnlyForDeploymentPostprocessing = 0;
		};
		1E8796CD1FCB08B9009B27A3 /* Sources */ = {
			isa = PBXSourcesBuildPhase;
			buildActionMask = 2147483647;
			files = (
				1E8796D61FCB08B9009B27A3 /* AVPlayerTests.swift in Sources */,
			);
			runOnlyForDeploymentPostprocessing = 0;
		};
/* End PBXSourcesBuildPhase section */

/* Begin PBXTargetDependency section */
		1E8796D31FCB08B9009B27A3 /* PBXTargetDependency */ = {
			isa = PBXTargetDependency;
			target = 1E8796BC1FCB08B9009B27A3 /* AVPlayer */;
			targetProxy = 1E8796D21FCB08B9009B27A3 /* PBXContainerItemProxy */;
		};
/* End PBXTargetDependency section */

/* Begin PBXVariantGroup section */
		1E8796C41FCB08B9009B27A3 /* Main.storyboard */ = {
			isa = PBXVariantGroup;
			children = (
				1E8796C51FCB08B9009B27A3 /* Base */,
			);
			name = Main.storyboard;
			sourceTree = "<group>";
		};
		1E8796C91FCB08B9009B27A3 /* LaunchScreen.storyboard */ = {
			isa = PBXVariantGroup;
			children = (
				1E8796CA1FCB08B9009B27A3 /* Base */,
			);
			name = LaunchScreen.storyboard;
			sourceTree = "<group>";
		};
/* End PBXVariantGroup section */

/* Begin XCBuildConfiguration section */
		1E8796D81FCB08B9009B27A3 /* Debug */ = {
			isa = XCBuildConfiguration;
			buildSettings = {
				ALWAYS_SEARCH_USER_PATHS = NO;
				CLANG_ANALYZER_NONNULL = YES;
				CLANG_ANALYZER_NUMBER_OBJECT_CONVERSION = YES_AGGRESSIVE;
				CLANG_CXX_LANGUAGE_STANDARD = "gnu++14";
				CLANG_CXX_LIBRARY = "libc++";
				CLANG_ENABLE_MODULES = YES;
				CLANG_ENABLE_OBJC_ARC = YES;
				CLANG_WARN_BLOCK_CAPTURE_AUTORELEASING = YES;
				CLANG_WARN_BOOL_CONVERSION = YES;
				CLANG_WARN_COMMA = YES;
				CLANG_WARN_CONSTANT_CONVERSION = YES;
				CLANG_WARN_DIRECT_OBJC_ISA_USAGE = YES_ERROR;
				CLANG_WARN_DOCUMENTATION_COMMENTS = YES;
				CLANG_WARN_EMPTY_BODY = YES;
				CLANG_WARN_ENUM_CONVERSION = YES;
				CLANG_WARN_INFINITE_RECURSION = YES;
				CLANG_WARN_INT_CONVERSION = YES;
				CLANG_WARN_NON_LITERAL_NULL_CONVERSION = YES;
				CLANG_WARN_OBJC_LITERAL_CONVERSION = YES;
				CLANG_WARN_OBJC_ROOT_CLASS = YES_ERROR;
				CLANG_WARN_RANGE_LOOP_ANALYSIS = YES;
				CLANG_WARN_STRICT_PROTOTYPES = YES;
				CLANG_WARN_SUSPICIOUS_MOVE = YES;
				CLANG_WARN_UNGUARDED_AVAILABILITY = YES_AGGRESSIVE;
				CLANG_WARN_UNREACHABLE_CODE = YES;
				CLANG_WARN__DUPLICATE_METHOD_MATCH = YES;
				CODE_SIGN_IDENTITY = "iPhone Developer";
				COPY_PHASE_STRIP = NO;
				DEBUG_INFORMATION_FORMAT = dwarf;
				ENABLE_STRICT_OBJC_MSGSEND = YES;
				ENABLE_TESTABILITY = YES;
				GCC_C_LANGUAGE_STANDARD = gnu11;
				GCC_DYNAMIC_NO_PIC = NO;
				GCC_NO_COMMON_BLOCKS = YES;
				GCC_OPTIMIZATION_LEVEL = 0;
				GCC_PREPROCESSOR_DEFINITIONS = (
					"DEBUG=1",
					"$(inherited)",
				);
				GCC_WARN_64_TO_32_BIT_CONVERSION = YES;
				GCC_WARN_ABOUT_RETURN_TYPE = YES_ERROR;
				GCC_WARN_UNDECLARED_SELECTOR = YES;
				GCC_WARN_UNINITIALIZED_AUTOS = YES_AGGRESSIVE;
				GCC_WARN_UNUSED_FUNCTION = YES;
				GCC_WARN_UNUSED_VARIABLE = YES;
				IPHONEOS_DEPLOYMENT_TARGET = 11.1;
				MTL_ENABLE_DEBUG_INFO = YES;
				ONLY_ACTIVE_ARCH = YES;
				SDKROOT = iphoneos;
				SWIFT_ACTIVE_COMPILATION_CONDITIONS = DEBUG;
				SWIFT_OPTIMIZATION_LEVEL = "-Onone";
			};
			name = Debug;
		};
		1E8796D91FCB08B9009B27A3 /* Release */ = {
			isa = XCBuildConfiguration;
			buildSettings = {
				ALWAYS_SEARCH_USER_PATHS = NO;
				CLANG_ANALYZER_NONNULL = YES;
				CLANG_ANALYZER_NUMBER_OBJECT_CONVERSION = YES_AGGRESSIVE;
				CLANG_CXX_LANGUAGE_STANDARD = "gnu++14";
				CLANG_CXX_LIBRARY = "libc++";
				CLANG_ENABLE_MODULES = YES;
				CLANG_ENABLE_OBJC_ARC = YES;
				CLANG_WARN_BLOCK_CAPTURE_AUTORELEASING = YES;
				CLANG_WARN_BOOL_CONVERSION = YES;
				CLANG_WARN_COMMA = YES;
				CLANG_WARN_CONSTANT_CONVERSION = YES;
				CLANG_WARN_DIRECT_OBJC_ISA_USAGE = YES_ERROR;
				CLANG_WARN_DOCUMENTATION_COMMENTS = YES;
				CLANG_WARN_EMPTY_BODY = YES;
				CLANG_WARN_ENUM_CONVERSION = YES;
				CLANG_WARN_INFINITE_RECURSION = YES;
				CLANG_WARN_INT_CONVERSION = YES;
				CLANG_WARN_NON_LITERAL_NULL_CONVERSION = YES;
				CLANG_WARN_OBJC_LITERAL_CONVERSION = YES;
				CLANG_WARN_OBJC_ROOT_CLASS = YES_ERROR;
				CLANG_WARN_RANGE_LOOP_ANALYSIS = YES;
				CLANG_WARN_STRICT_PROTOTYPES = YES;
				CLANG_WARN_SUSPICIOUS_MOVE = YES;
				CLANG_WARN_UNGUARDED_AVAILABILITY = YES_AGGRESSIVE;
				CLANG_WARN_UNREACHABLE_CODE = YES;
				CLANG_WARN__DUPLICATE_METHOD_MATCH = YES;
				CODE_SIGN_IDENTITY = "iPhone Developer";
				COPY_PHASE_STRIP = NO;
				DEBUG_INFORMATION_FORMAT = "dwarf-with-dsym";
				ENABLE_NS_ASSERTIONS = NO;
				ENABLE_STRICT_OBJC_MSGSEND = YES;
				GCC_C_LANGUAGE_STANDARD = gnu11;
				GCC_NO_COMMON_BLOCKS = YES;
				GCC_WARN_64_TO_32_BIT_CONVERSION = YES;
				GCC_WARN_ABOUT_RETURN_TYPE = YES_ERROR;
				GCC_WARN_UNDECLARED_SELECTOR = YES;
				GCC_WARN_UNINITIALIZED_AUTOS = YES_AGGRESSIVE;
				GCC_WARN_UNUSED_FUNCTION = YES;
				GCC_WARN_UNUSED_VARIABLE = YES;
				IPHONEOS_DEPLOYMENT_TARGET = 11.1;
				MTL_ENABLE_DEBUG_INFO = NO;
				SDKROOT = iphoneos;
				SWIFT_OPTIMIZATION_LEVEL = "-Owholemodule";
				VALIDATE_PRODUCT = YES;
			};
			name = Release;
		};
		1E8796DB1FCB08B9009B27A3 /* Debug */ = {
			isa = XCBuildConfiguration;
			baseConfigurationReference = 95733E1B04124469B3F79F9F /* Pods-AVPlayer.debug.xcconfig */;
			buildSettings = {
				ASSETCATALOG_COMPILER_APPICON_NAME = AppIcon;
				CODE_SIGN_STYLE = Automatic;
				DEVELOPMENT_TEAM = FZ9Y3AU9BT;
				INFOPLIST_FILE = AVPlayer/Info.plist;
				LD_RUNPATH_SEARCH_PATHS = "$(inherited) @executable_path/Frameworks";
				PRODUCT_BUNDLE_IDENTIFIER = com.shfc.avplayer.AVPlayer;
				PRODUCT_NAME = "$(TARGET_NAME)";
				SWIFT_VERSION = 4.0;
				TARGETED_DEVICE_FAMILY = "1,2";
			};
			name = Debug;
		};
		1E8796DC1FCB08B9009B27A3 /* Release */ = {
			isa = XCBuildConfiguration;
			baseConfigurationReference = 17347DCB6DE0394DD92FD4BC /* Pods-AVPlayer.release.xcconfig */;
			buildSettings = {
				ASSETCATALOG_COMPILER_APPICON_NAME = AppIcon;
				CODE_SIGN_STYLE = Automatic;
				DEVELOPMENT_TEAM = FZ9Y3AU9BT;
				INFOPLIST_FILE = AVPlayer/Info.plist;
				LD_RUNPATH_SEARCH_PATHS = "$(inherited) @executable_path/Frameworks";
				PRODUCT_BUNDLE_IDENTIFIER = com.shfc.avplayer.AVPlayer;
				PRODUCT_NAME = "$(TARGET_NAME)";
				SWIFT_VERSION = 4.0;
				TARGETED_DEVICE_FAMILY = "1,2";
			};
			name = Release;
		};
		1E8796DE1FCB08B9009B27A3 /* Debug */ = {
			isa = XCBuildConfiguration;
			baseConfigurationReference = 4846B989F0AF7E601FE2FA1F /* Pods-AVPlayer-AVPlayerTests.debug.xcconfig */;
			buildSettings = {
				ALWAYS_EMBED_SWIFT_STANDARD_LIBRARIES = YES;
				BUNDLE_LOADER = "$(TEST_HOST)";
				CODE_SIGN_STYLE = Automatic;
				DEVELOPMENT_TEAM = FZ9Y3AU9BT;
				INFOPLIST_FILE = AVPlayerTests/Info.plist;
				LD_RUNPATH_SEARCH_PATHS = "$(inherited) @executable_path/Frameworks @loader_path/Frameworks";
				PRODUCT_BUNDLE_IDENTIFIER = com.shfc.avplayer.AVPlayerTests;
				PRODUCT_NAME = "$(TARGET_NAME)";
				SWIFT_VERSION = 4.0;
				TARGETED_DEVICE_FAMILY = "1,2";
				TEST_HOST = "$(BUILT_PRODUCTS_DIR)/AVPlayer.app/AVPlayer";
			};
			name = Debug;
		};
		1E8796DF1FCB08B9009B27A3 /* Release */ = {
			isa = XCBuildConfiguration;
			baseConfigurationReference = FB1AC8A1712F5103F2098EA4 /* Pods-AVPlayer-AVPlayerTests.release.xcconfig */;
			buildSettings = {
				ALWAYS_EMBED_SWIFT_STANDARD_LIBRARIES = YES;
				BUNDLE_LOADER = "$(TEST_HOST)";
				CODE_SIGN_STYLE = Automatic;
				DEVELOPMENT_TEAM = FZ9Y3AU9BT;
				INFOPLIST_FILE = AVPlayerTests/Info.plist;
				LD_RUNPATH_SEARCH_PATHS = "$(inherited) @executable_path/Frameworks @loader_path/Frameworks";
				PRODUCT_BUNDLE_IDENTIFIER = com.shfc.avplayer.AVPlayerTests;
				PRODUCT_NAME = "$(TARGET_NAME)";
				SWIFT_VERSION = 4.0;
				TARGETED_DEVICE_FAMILY = "1,2";
				TEST_HOST = "$(BUILT_PRODUCTS_DIR)/AVPlayer.app/AVPlayer";
			};
			name = Release;
		};
/* End XCBuildConfiguration section */

/* Begin XCConfigurationList section */
		1E8796B81FCB08B9009B27A3 /* Build configuration list for PBXProject "AVPlayer" */ = {
			isa = XCConfigurationList;
			buildConfigurations = (
				1E8796D81FCB08B9009B27A3 /* Debug */,
				1E8796D91FCB08B9009B27A3 /* Release */,
			);
			defaultConfigurationIsVisible = 0;
			defaultConfigurationName = Release;
		};
		1E8796DA1FCB08B9009B27A3 /* Build configuration list for PBXNativeTarget "AVPlayer" */ = {
			isa = XCConfigurationList;
			buildConfigurations = (
				1E8796DB1FCB08B9009B27A3 /* Debug */,
				1E8796DC1FCB08B9009B27A3 /* Release */,
			);
			defaultConfigurationIsVisible = 0;
			defaultConfigurationName = Release;
		};
		1E8796DD1FCB08B9009B27A3 /* Build configuration list for PBXNativeTarget "AVPlayerTests" */ = {
			isa = XCConfigurationList;
			buildConfigurations = (
				1E8796DE1FCB08B9009B27A3 /* Debug */,
				1E8796DF1FCB08B9009B27A3 /* Release */,
			);
			defaultConfigurationIsVisible = 0;
			defaultConfigurationName = Release;
		};
/* End XCConfigurationList section */
	};
	rootObject = 1E8796B51FCB08B9009B27A3 /* Project object */;
}
