// !$*UTF8*$!
{
	archiveVersion = 1;
	classes = {
	};
	objectVersion = 48;
	objects = {

/* Begin PBXBuildFile section */
		0D70F35767E80F32EFFD64D7 /* Pods_ReactSwift_ReactSwiftTests.framework in Frameworks */ = {isa = PBXBuildFile; fileRef = A188F6C8DB2C7819598BDDD3 /* Pods_ReactSwift_ReactSwiftTests.framework */; };
		1E1FEBC5201720BC0072A156 /* RxSwiftWhyUse.swift in Sources */ = {isa = PBXBuildFile; fileRef = 1E1FEBC4201720BC0072A156 /* RxSwiftWhyUse.swift */; };
		1E1FEBC9201728D20072A156 /* SafeCollection.swift in Sources */ = {isa = PBXBuildFile; fileRef = 1E1FEBC8201728D20072A156 /* SafeCollection.swift */; };
		1E1FEBCB201729020072A156 /* CellReusable.swift in Sources */ = {isa = PBXBuildFile; fileRef = 1E1FEBCA201729020072A156 /* CellReusable.swift */; };
		1E1FEBCE201731C00072A156 /* SimpleValidationViewController.swift in Sources */ = {isa = PBXBuildFile; fileRef = 1E1FEBCC201731C00072A156 /* SimpleValidationViewController.swift */; };
		1E1FEBCF201731C00072A156 /* SimpleValidationViewController.xib in Resources */ = {isa = PBXBuildFile; fileRef = 1E1FEBCD201731C00072A156 /* SimpleValidationViewController.xib */; };
		1E1FEBD220174A070072A156 /* FunctionViewController.swift in Sources */ = {isa = PBXBuildFile; fileRef = 1E1FEBD020174A070072A156 /* FunctionViewController.swift */; };
		1E1FEBD320174A070072A156 /* FunctionViewController.xib in Resources */ = {isa = PBXBuildFile; fileRef = 1E1FEBD120174A070072A156 /* FunctionViewController.xib */; };
		1E2F6711201B2E0F00D3A9CB /* ReactorKitViewController.swift in Sources */ = {isa = PBXBuildFile; fileRef = 1E2F6710201B2E0F00D3A9CB /* ReactorKitViewController.swift */; };
		1E50CE1820206C7700FC187C /* PHPhotoLibrary+Rx.swift in Sources */ = {isa = PBXBuildFile; fileRef = 1E50CE1720206C7700FC187C /* PHPhotoLibrary+Rx.swift */; };
		1E50CE1F20206D8A00FC187C /* PhotoCollectionViewController.swift in Sources */ = {isa = PBXBuildFile; fileRef = 1E50CE1D20206D8A00FC187C /* PhotoCollectionViewController.swift */; };
		1E50CE2020206D8A00FC187C /* PhotoCollectionViewController.xib in Resources */ = {isa = PBXBuildFile; fileRef = 1E50CE1E20206D8A00FC187C /* PhotoCollectionViewController.xib */; };
		1E50CE222020703E00FC187C /* UIViewController+Alert.swift in Sources */ = {isa = PBXBuildFile; fileRef = 1E50CE212020703E00FC187C /* UIViewController+Alert.swift */; };
		1E5907D620183C8300A8E32C /* BBExtension.swift in Sources */ = {isa = PBXBuildFile; fileRef = 1E5907D520183C8300A8E32C /* BBExtension.swift */; };
		1E5907D820184E0100A8E32C /* SubjectViewController.swift in Sources */ = {isa = PBXBuildFile; fileRef = 1E5907D720184E0100A8E32C /* SubjectViewController.swift */; };
		1E5907DA201854E900A8E32C /* OperatorViewController.swift in Sources */ = {isa = PBXBuildFile; fileRef = 1E5907D9201854E900A8E32C /* OperatorViewController.swift */; };
		1E5907DD201863E900A8E32C /* ImagePicker ViewController.swift in Sources */ = {isa = PBXBuildFile; fileRef = 1E5907DB201863E900A8E32C /* ImagePicker ViewController.swift */; };
		1E5907DE201863E900A8E32C /* ImagePicker ViewController.xib in Resources */ = {isa = PBXBuildFile; fileRef = 1E5907DC201863E900A8E32C /* ImagePicker ViewController.xib */; };
		1E5907E02018669900A8E32C /* UIImagePickerController+RxCreate.swift in Sources */ = {isa = PBXBuildFile; fileRef = 1E5907DF2018669900A8E32C /* UIImagePickerController+RxCreate.swift */; };
		1E5907E3201868F600A8E32C /* UIImagePickerController+Rx.swift in Sources */ = {isa = PBXBuildFile; fileRef = 1E5907E2201868F600A8E32C /* UIImagePickerController+Rx.swift */; };
		1E5907E620186D1F00A8E32C /* RxDataSourcesViewController.swift in Sources */ = {isa = PBXBuildFile; fileRef = 1E5907E420186D1F00A8E32C /* RxDataSourcesViewController.swift */; };
		1E5907EB2018A6C200A8E32C /* RxDataSourcesTableViewController.xib in Resources */ = {isa = PBXBuildFile; fileRef = 1E5907E92018A6C200A8E32C /* RxDataSourcesTableViewController.xib */; };
		1E6B46DD21C898D600ADB9A2 /* ObservableConvertibleType+Extension.swift in Sources */ = {isa = PBXBuildFile; fileRef = 1E6B46DC21C898D600ADB9A2 /* ObservableConvertibleType+Extension.swift */; };
		1E751D511FC822EA00B0D9CD /* AppDelegate.swift in Sources */ = {isa = PBXBuildFile; fileRef = 1E751D501FC822EA00B0D9CD /* AppDelegate.swift */; };
		1E751D531FC822EA00B0D9CD /* ViewController.swift in Sources */ = {isa = PBXBuildFile; fileRef = 1E751D521FC822EA00B0D9CD /* ViewController.swift */; };
		1E751D561FC822EA00B0D9CD /* Main.storyboard in Resources */ = {isa = PBXBuildFile; fileRef = 1E751D541FC822EA00B0D9CD /* Main.storyboard */; };
		1E751D581FC822EA00B0D9CD /* Assets.xcassets in Resources */ = {isa = PBXBuildFile; fileRef = 1E751D571FC822EA00B0D9CD /* Assets.xcassets */; };
		1E751D5B1FC822EA00B0D9CD /* LaunchScreen.storyboard in Resources */ = {isa = PBXBuildFile; fileRef = 1E751D591FC822EA00B0D9CD /* LaunchScreen.storyboard */; };
		1E751D661FC822EB00B0D9CD /* ReactSwiftTests.swift in Sources */ = {isa = PBXBuildFile; fileRef = 1E751D651FC822EB00B0D9CD /* ReactSwiftTests.swift */; };
		1E751D711FC822EB00B0D9CD /* ReactSwiftUITests.swift in Sources */ = {isa = PBXBuildFile; fileRef = 1E751D701FC822EB00B0D9CD /* ReactSwiftUITests.swift */; };
		1E9981F02015D73400E6ABA8 /* MemoryRelease.swift in Sources */ = {isa = PBXBuildFile; fileRef = 1E9981EF2015D73400E6ABA8 /* MemoryRelease.swift */; };
		1E9981F32015E61000E6ABA8 /* PromiseKitViewController.swift in Sources */ = {isa = PBXBuildFile; fileRef = 1E9981F12015E61000E6ABA8 /* PromiseKitViewController.swift */; };
		1E9981F42015E61000E6ABA8 /* PromiseKitViewController.xib in Resources */ = {isa = PBXBuildFile; fileRef = 1E9981F22015E61000E6ABA8 /* PromiseKitViewController.xib */; };
		1E9981F72015EF6400E6ABA8 /* SearchViewController.swift in Sources */ = {isa = PBXBuildFile; fileRef = 1E9981F52015EF6400E6ABA8 /* SearchViewController.swift */; };
		1E9981F82015EF6400E6ABA8 /* SearchViewController.xib in Resources */ = {isa = PBXBuildFile; fileRef = 1E9981F62015EF6400E6ABA8 /* SearchViewController.xib */; };
		1ED2D3B61FCD25FA0098B9B1 /* RxSwiftTests.swift in Sources */ = {isa = PBXBuildFile; fileRef = 1ED2D3B51FCD25FA0098B9B1 /* RxSwiftTests.swift */; };
		1EF4EC5C20107F1300755C02 /* ApiClient.swift in Sources */ = {isa = PBXBuildFile; fileRef = 1EF4EC5B20107F1300755C02 /* ApiClient.swift */; };
		9AFDA659052B452C5C5A2E4E /* Pods_ReactSwift.framework in Frameworks */ = {isa = PBXBuildFile; fileRef = 1700DE1AABDED4904964CEBC /* Pods_ReactSwift.framework */; };
		DF4E66FC1610AE7CFA13DFB4 /* Pods_ReactSwift_ReactSwiftUITests.framework in Frameworks */ = {isa = PBXBuildFile; fileRef = A29F4E2E55098261014377FB /* Pods_ReactSwift_ReactSwiftUITests.framework */; };
/* End PBXBuildFile section */

/* Begin PBXContainerItemProxy section */
		1E751D621FC822EB00B0D9CD /* PBXContainerItemProxy */ = {
			isa = PBXContainerItemProxy;
			containerPortal = 1E751D451FC822EA00B0D9CD /* Project object */;
			proxyType = 1;
			remoteGlobalIDString = 1E751D4C1FC822EA00B0D9CD;
			remoteInfo = ReactSwift;
		};
		1E751D6D1FC822EB00B0D9CD /* PBXContainerItemProxy */ = {
			isa = PBXContainerItemProxy;
			containerPortal = 1E751D451FC822EA00B0D9CD /* Project object */;
			proxyType = 1;
			remoteGlobalIDString = 1E751D4C1FC822EA00B0D9CD;
			remoteInfo = ReactSwift;
		};
/* End PBXContainerItemProxy section */

/* Begin PBXFileReference section */
		1700DE1AABDED4904964CEBC /* Pods_ReactSwift.framework */ = {isa = PBXFileReference; explicitFileType = wrapper.framework; includeInIndex = 0; path = Pods_ReactSwift.framework; sourceTree = BUILT_PRODUCTS_DIR; };
		1E1FEBC4201720BC0072A156 /* RxSwiftWhyUse.swift */ = {isa = PBXFileReference; lastKnownFileType = sourcecode.swift; path = RxSwiftWhyUse.swift; sourceTree = "<group>"; };
		1E1FEBC8201728D20072A156 /* SafeCollection.swift */ = {isa = PBXFileReference; lastKnownFileType = sourcecode.swift; path = SafeCollection.swift; sourceTree = "<group>"; };
		1E1FEBCA201729020072A156 /* CellReusable.swift */ = {isa = PBXFileReference; lastKnownFileType = sourcecode.swift; path = CellReusable.swift; sourceTree = "<group>"; };
		1E1FEBCC201731C00072A156 /* SimpleValidationViewController.swift */ = {isa = PBXFileReference; lastKnownFileType = sourcecode.swift; path = SimpleValidationViewController.swift; sourceTree = "<group>"; };
		1E1FEBCD201731C00072A156 /* SimpleValidationViewController.xib */ = {isa = PBXFileReference; lastKnownFileType = file.xib; path = SimpleValidationViewController.xib; sourceTree = "<group>"; };
		1E1FEBD020174A070072A156 /* FunctionViewController.swift */ = {isa = PBXFileReference; lastKnownFileType = sourcecode.swift; path = FunctionViewController.swift; sourceTree = "<group>"; };
		1E1FEBD120174A070072A156 /* FunctionViewController.xib */ = {isa = PBXFileReference; lastKnownFileType = file.xib; path = FunctionViewController.xib; sourceTree = "<group>"; };
		1E2F6710201B2E0F00D3A9CB /* ReactorKitViewController.swift */ = {isa = PBXFileReference; lastKnownFileType = sourcecode.swift; path = ReactorKitViewController.swift; sourceTree = "<group>"; };
		1E50CE1720206C7700FC187C /* PHPhotoLibrary+Rx.swift */ = {isa = PBXFileReference; lastKnownFileType = sourcecode.swift; path = "PHPhotoLibrary+Rx.swift"; sourceTree = "<group>"; };
		1E50CE1D20206D8A00FC187C /* PhotoCollectionViewController.swift */ = {isa = PBXFileReference; lastKnownFileType = sourcecode.swift; path = PhotoCollectionViewController.swift; sourceTree = "<group>"; };
		1E50CE1E20206D8A00FC187C /* PhotoCollectionViewController.xib */ = {isa = PBXFileReference; lastKnownFileType = file.xib; path = PhotoCollectionViewController.xib; sourceTree = "<group>"; };
		1E50CE212020703E00FC187C /* UIViewController+Alert.swift */ = {isa = PBXFileReference; lastKnownFileType = sourcecode.swift; path = "UIViewController+Alert.swift"; sourceTree = "<group>"; };
		1E5907D520183C8300A8E32C /* BBExtension.swift */ = {isa = PBXFileReference; lastKnownFileType = sourcecode.swift; path = BBExtension.swift; sourceTree = "<group>"; };
		1E5907D720184E0100A8E32C /* SubjectViewController.swift */ = {isa = PBXFileReference; lastKnownFileType = sourcecode.swift; path = SubjectViewController.swift; sourceTree = "<group>"; };
		1E5907D9201854E900A8E32C /* OperatorViewController.swift */ = {isa = PBXFileReference; lastKnownFileType = sourcecode.swift; path = OperatorViewController.swift; sourceTree = "<group>"; };
		1E5907DB201863E900A8E32C /* ImagePicker ViewController.swift */ = {isa = PBXFileReference; lastKnownFileType = sourcecode.swift; path = "ImagePicker ViewController.swift"; sourceTree = "<group>"; };
		1E5907DC201863E900A8E32C /* ImagePicker ViewController.xib */ = {isa = PBXFileReference; lastKnownFileType = file.xib; path = "ImagePicker ViewController.xib"; sourceTree = "<group>"; };
		1E5907DF2018669900A8E32C /* UIImagePickerController+RxCreate.swift */ = {isa = PBXFileReference; lastKnownFileType = sourcecode.swift; path = "UIImagePickerController+RxCreate.swift"; sourceTree = "<group>"; };
		1E5907E2201868F600A8E32C /* UIImagePickerController+Rx.swift */ = {isa = PBXFileReference; fileEncoding = 4; lastKnownFileType = sourcecode.swift; path = "UIImagePickerController+Rx.swift"; sourceTree = "<group>"; };
		1E5907E420186D1F00A8E32C /* RxDataSourcesViewController.swift */ = {isa = PBXFileReference; lastKnownFileType = sourcecode.swift; path = RxDataSourcesViewController.swift; sourceTree = "<group>"; };
		1E5907E92018A6C200A8E32C /* RxDataSourcesTableViewController.xib */ = {isa = PBXFileReference; lastKnownFileType = file.xib; path = RxDataSourcesTableViewController.xib; sourceTree = "<group>"; };
		1E6B46DC21C898D600ADB9A2 /* ObservableConvertibleType+Extension.swift */ = {isa = PBXFileReference; lastKnownFileType = sourcecode.swift; path = "ObservableConvertibleType+Extension.swift"; sourceTree = "<group>"; };
		1E751D4D1FC822EA00B0D9CD /* ReactSwift.app */ = {isa = PBXFileReference; explicitFileType = wrapper.application; includeInIndex = 0; path = ReactSwift.app; sourceTree = BUILT_PRODUCTS_DIR; };
		1E751D501FC822EA00B0D9CD /* AppDelegate.swift */ = {isa = PBXFileReference; lastKnownFileType = sourcecode.swift; path = AppDelegate.swift; sourceTree = "<group>"; };
		1E751D521FC822EA00B0D9CD /* ViewController.swift */ = {isa = PBXFileReference; lastKnownFileType = sourcecode.swift; path = ViewController.swift; sourceTree = "<group>"; };
		1E751D551FC822EA00B0D9CD /* Base */ = {isa = PBXFileReference; lastKnownFileType = file.storyboard; name = Base; path = Base.lproj/Main.storyboard; sourceTree = "<group>"; };
		1E751D571FC822EA00B0D9CD /* Assets.xcassets */ = {isa = PBXFileReference; lastKnownFileType = folder.assetcatalog; path = Assets.xcassets; sourceTree = "<group>"; };
		1E751D5A1FC822EA00B0D9CD /* Base */ = {isa = PBXFileReference; lastKnownFileType = file.storyboard; name = Base; path = Base.lproj/LaunchScreen.storyboard; sourceTree = "<group>"; };
		1E751D5C1FC822EB00B0D9CD /* Info.plist */ = {isa = PBXFileReference; lastKnownFileType = text.plist.xml; path = Info.plist; sourceTree = "<group>"; };
		1E751D611FC822EB00B0D9CD /* ReactSwiftTests.xctest */ = {isa = PBXFileReference; explicitFileType = wrapper.cfbundle; includeInIndex = 0; path = ReactSwiftTests.xctest; sourceTree = BUILT_PRODUCTS_DIR; };
		1E751D651FC822EB00B0D9CD /* ReactSwiftTests.swift */ = {isa = PBXFileReference; lastKnownFileType = sourcecode.swift; path = ReactSwiftTests.swift; sourceTree = "<group>"; };
		1E751D671FC822EB00B0D9CD /* Info.plist */ = {isa = PBXFileReference; lastKnownFileType = text.plist.xml; path = Info.plist; sourceTree = "<group>"; };
		1E751D6C1FC822EB00B0D9CD /* ReactSwiftUITests.xctest */ = {isa = PBXFileReference; explicitFileType = wrapper.cfbundle; includeInIndex = 0; path = ReactSwiftUITests.xctest; sourceTree = BUILT_PRODUCTS_DIR; };
		1E751D701FC822EB00B0D9CD /* ReactSwiftUITests.swift */ = {isa = PBXFileReference; lastKnownFileType = sourcecode.swift; path = ReactSwiftUITests.swift; sourceTree = "<group>"; };
		1E751D721FC822EB00B0D9CD /* Info.plist */ = {isa = PBXFileReference; lastKnownFileType = text.plist.xml; path = Info.plist; sourceTree = "<group>"; };
		1E9981EF2015D73400E6ABA8 /* MemoryRelease.swift */ = {isa = PBXFileReference; lastKnownFileType = sourcecode.swift; path = MemoryRelease.swift; sourceTree = "<group>"; };
		1E9981F12015E61000E6ABA8 /* PromiseKitViewController.swift */ = {isa = PBXFileReference; lastKnownFileType = sourcecode.swift; path = PromiseKitViewController.swift; sourceTree = "<group>"; };
		1E9981F22015E61000E6ABA8 /* PromiseKitViewController.xib */ = {isa = PBXFileReference; lastKnownFileType = file.xib; path = PromiseKitViewController.xib; sourceTree = "<group>"; };
		1E9981F52015EF6400E6ABA8 /* SearchViewController.swift */ = {isa = PBXFileReference; lastKnownFileType = sourcecode.swift; path = SearchViewController.swift; sourceTree = "<group>"; };
		1E9981F62015EF6400E6ABA8 /* SearchViewController.xib */ = {isa = PBXFileReference; lastKnownFileType = file.xib; path = SearchViewController.xib; sourceTree = "<group>"; };
		1ED2D3B51FCD25FA0098B9B1 /* RxSwiftTests.swift */ = {isa = PBXFileReference; lastKnownFileType = sourcecode.swift; path = RxSwiftTests.swift; sourceTree = "<group>"; };
		1EF4EC5B20107F1300755C02 /* ApiClient.swift */ = {isa = PBXFileReference; lastKnownFileType = sourcecode.swift; path = ApiClient.swift; sourceTree = "<group>"; };
		2F52DF6709BFE1A936A770FF /* Pods-ReactSwift-ReactSwiftTests.debug.xcconfig */ = {isa = PBXFileReference; includeInIndex = 1; lastKnownFileType = text.xcconfig; name = "Pods-ReactSwift-ReactSwiftTests.debug.xcconfig"; path = "Pods/Target Support Files/Pods-ReactSwift-ReactSwiftTests/Pods-ReactSwift-ReactSwiftTests.debug.xcconfig"; sourceTree = "<group>"; };
		35EAA29AFF579E15AAE12A38 /* Pods-ReactSwift.release.xcconfig */ = {isa = PBXFileReference; includeInIndex = 1; lastKnownFileType = text.xcconfig; name = "Pods-ReactSwift.release.xcconfig"; path = "Pods/Target Support Files/Pods-ReactSwift/Pods-ReactSwift.release.xcconfig"; sourceTree = "<group>"; };
		80B2746B7CE919FE6669E946 /* Pods-ReactSwift-ReactSwiftUITests.debug.xcconfig */ = {isa = PBXFileReference; includeInIndex = 1; lastKnownFileType = text.xcconfig; name = "Pods-ReactSwift-ReactSwiftUITests.debug.xcconfig"; path = "Pods/Target Support Files/Pods-ReactSwift-ReactSwiftUITests/Pods-ReactSwift-ReactSwiftUITests.debug.xcconfig"; sourceTree = "<group>"; };
		A01D83207573BB0CD5500D7A /* Pods-ReactSwift-ReactSwiftUITests.release.xcconfig */ = {isa = PBXFileReference; includeInIndex = 1; lastKnownFileType = text.xcconfig; name = "Pods-ReactSwift-ReactSwiftUITests.release.xcconfig"; path = "Pods/Target Support Files/Pods-ReactSwift-ReactSwiftUITests/Pods-ReactSwift-ReactSwiftUITests.release.xcconfig"; sourceTree = "<group>"; };
		A188F6C8DB2C7819598BDDD3 /* Pods_ReactSwift_ReactSwiftTests.framework */ = {isa = PBXFileReference; explicitFileType = wrapper.framework; includeInIndex = 0; path = Pods_ReactSwift_ReactSwiftTests.framework; sourceTree = BUILT_PRODUCTS_DIR; };
		A29F4E2E55098261014377FB /* Pods_ReactSwift_ReactSwiftUITests.framework */ = {isa = PBXFileReference; explicitFileType = wrapper.framework; includeInIndex = 0; path = Pods_ReactSwift_ReactSwiftUITests.framework; sourceTree = BUILT_PRODUCTS_DIR; };
		B356763AD92B7BBACD086175 /* Pods-ReactSwift-ReactSwiftTests.release.xcconfig */ = {isa = PBXFileReference; includeInIndex = 1; lastKnownFileType = text.xcconfig; name = "Pods-ReactSwift-ReactSwiftTests.release.xcconfig"; path = "Pods/Target Support Files/Pods-ReactSwift-ReactSwiftTests/Pods-ReactSwift-ReactSwiftTests.release.xcconfig"; sourceTree = "<group>"; };
		D76F48FF86E899791C05B997 /* Pods-ReactSwift.debug.xcconfig */ = {isa = PBXFileReference; includeInIndex = 1; lastKnownFileType = text.xcconfig; name = "Pods-ReactSwift.debug.xcconfig"; path = "Pods/Target Support Files/Pods-ReactSwift/Pods-ReactSwift.debug.xcconfig"; sourceTree = "<group>"; };
/* End PBXFileReference section */

/* Begin PBXFrameworksBuildPhase section */
		1E751D4A1FC822EA00B0D9CD /* Frameworks */ = {
			isa = PBXFrameworksBuildPhase;
			buildActionMask = 2147483647;
			files = (
				9AFDA659052B452C5C5A2E4E /* Pods_ReactSwift.framework in Frameworks */,
			);
			runOnlyForDeploymentPostprocessing = 0;
		};
		1E751D5E1FC822EB00B0D9CD /* Frameworks */ = {
			isa = PBXFrameworksBuildPhase;
			buildActionMask = 2147483647;
			files = (
				0D70F35767E80F32EFFD64D7 /* Pods_ReactSwift_ReactSwiftTests.framework in Frameworks */,
			);
			runOnlyForDeploymentPostprocessing = 0;
		};
		1E751D691FC822EB00B0D9CD /* Frameworks */ = {
			isa = PBXFrameworksBuildPhase;
			buildActionMask = 2147483647;
			files = (
				DF4E66FC1610AE7CFA13DFB4 /* Pods_ReactSwift_ReactSwiftUITests.framework in Frameworks */,
			);
			runOnlyForDeploymentPostprocessing = 0;
		};
/* End PBXFrameworksBuildPhase section */

/* Begin PBXGroup section */
		1E1FEBC6201728530072A156 /* DemoVC */ = {
			isa = PBXGroup;
			children = (
				1E9981F12015E61000E6ABA8 /* PromiseKitViewController.swift */,
				1E9981F22015E61000E6ABA8 /* PromiseKitViewController.xib */,
				1E9981F52015EF6400E6ABA8 /* SearchViewController.swift */,
				1E9981F62015EF6400E6ABA8 /* SearchViewController.xib */,
				1E1FEBCC201731C00072A156 /* SimpleValidationViewController.swift */,
				1E1FEBCD201731C00072A156 /* SimpleValidationViewController.xib */,
				1E1FEBD020174A070072A156 /* FunctionViewController.swift */,
				1E1FEBD120174A070072A156 /* FunctionViewController.xib */,
				1E5907D720184E0100A8E32C /* SubjectViewController.swift */,
				1E5907D9201854E900A8E32C /* OperatorViewController.swift */,
				1E5907DB201863E900A8E32C /* ImagePicker ViewController.swift */,
				1E5907DC201863E900A8E32C /* ImagePicker ViewController.xib */,
				1E5907E420186D1F00A8E32C /* RxDataSourcesViewController.swift */,
				1E5907E92018A6C200A8E32C /* RxDataSourcesTableViewController.xib */,
				1E2F6710201B2E0F00D3A9CB /* ReactorKitViewController.swift */,
				1E50CE1D20206D8A00FC187C /* PhotoCollectionViewController.swift */,
				1E50CE1E20206D8A00FC187C /* PhotoCollectionViewController.xib */,
			);
			path = DemoVC;
			sourceTree = "<group>";
		};
		1E1FEBC7201728C60072A156 /* Files */ = {
			isa = PBXGroup;
			children = (
				1E5907E2201868F600A8E32C /* UIImagePickerController+Rx.swift */,
				1E1FEBC8201728D20072A156 /* SafeCollection.swift */,
				1E1FEBCA201729020072A156 /* CellReusable.swift */,
				1E5907D520183C8300A8E32C /* BBExtension.swift */,
				1E5907DF2018669900A8E32C /* UIImagePickerController+RxCreate.swift */,
				1E50CE1720206C7700FC187C /* PHPhotoLibrary+Rx.swift */,
				1E50CE212020703E00FC187C /* UIViewController+Alert.swift */,
			);
			path = Files;
			sourceTree = "<group>";
		};
		1E751D441FC822EA00B0D9CD = {
			isa = PBXGroup;
			children = (
				1E751D4F1FC822EA00B0D9CD /* ReactSwift */,
				1E751D641FC822EB00B0D9CD /* ReactSwiftTests */,
				1E751D6F1FC822EB00B0D9CD /* ReactSwiftUITests */,
				1E751D4E1FC822EA00B0D9CD /* Products */,
				3780FD3C5A120526B65CFF13 /* Pods */,
				233992883B98DEB1E2778D6C /* Frameworks */,
			);
			sourceTree = "<group>";
		};
		1E751D4E1FC822EA00B0D9CD /* Products */ = {
			isa = PBXGroup;
			children = (
				1E751D4D1FC822EA00B0D9CD /* ReactSwift.app */,
				1E751D611FC822EB00B0D9CD /* ReactSwiftTests.xctest */,
				1E751D6C1FC822EB00B0D9CD /* ReactSwiftUITests.xctest */,
			);
			name = Products;
			sourceTree = "<group>";
		};
		1E751D4F1FC822EA00B0D9CD /* ReactSwift */ = {
			isa = PBXGroup;
			children = (
				1E1FEBC7201728C60072A156 /* Files */,
				1E1FEBC6201728530072A156 /* DemoVC */,
				1E751D501FC822EA00B0D9CD /* AppDelegate.swift */,
				1E751D521FC822EA00B0D9CD /* ViewController.swift */,
				1E751D541FC822EA00B0D9CD /* Main.storyboard */,
				1E751D571FC822EA00B0D9CD /* Assets.xcassets */,
				1E751D591FC822EA00B0D9CD /* LaunchScreen.storyboard */,
				1E751D5C1FC822EB00B0D9CD /* Info.plist */,
				1EF4EC5B20107F1300755C02 /* ApiClient.swift */,
				1E9981EF2015D73400E6ABA8 /* MemoryRelease.swift */,
				1E6B46DC21C898D600ADB9A2 /* ObservableConvertibleType+Extension.swift */,
			);
			path = ReactSwift;
			sourceTree = "<group>";
		};
		1E751D641FC822EB00B0D9CD /* ReactSwiftTests */ = {
			isa = PBXGroup;
			children = (
				1E751D651FC822EB00B0D9CD /* ReactSwiftTests.swift */,
				1E751D671FC822EB00B0D9CD /* Info.plist */,
				1ED2D3B51FCD25FA0098B9B1 /* RxSwiftTests.swift */,
				1E1FEBC4201720BC0072A156 /* RxSwiftWhyUse.swift */,
			);
			path = ReactSwiftTests;
			sourceTree = "<group>";
		};
		1E751D6F1FC822EB00B0D9CD /* ReactSwiftUITests */ = {
			isa = PBXGroup;
			children = (
				1E751D701FC822EB00B0D9CD /* ReactSwiftUITests.swift */,
				1E751D721FC822EB00B0D9CD /* Info.plist */,
			);
			path = ReactSwiftUITests;
			sourceTree = "<group>";
		};
		233992883B98DEB1E2778D6C /* Frameworks */ = {
			isa = PBXGroup;
			children = (
				1700DE1AABDED4904964CEBC /* Pods_ReactSwift.framework */,
				A188F6C8DB2C7819598BDDD3 /* Pods_ReactSwift_ReactSwiftTests.framework */,
				A29F4E2E55098261014377FB /* Pods_ReactSwift_ReactSwiftUITests.framework */,
			);
			name = Frameworks;
			sourceTree = "<group>";
		};
		3780FD3C5A120526B65CFF13 /* Pods */ = {
			isa = PBXGroup;
			children = (
				D76F48FF86E899791C05B997 /* Pods-ReactSwift.debug.xcconfig */,
				35EAA29AFF579E15AAE12A38 /* Pods-ReactSwift.release.xcconfig */,
				2F52DF6709BFE1A936A770FF /* Pods-ReactSwift-ReactSwiftTests.debug.xcconfig */,
				B356763AD92B7BBACD086175 /* Pods-ReactSwift-ReactSwiftTests.release.xcconfig */,
				80B2746B7CE919FE6669E946 /* Pods-ReactSwift-ReactSwiftUITests.debug.xcconfig */,
				A01D83207573BB0CD5500D7A /* Pods-ReactSwift-ReactSwiftUITests.release.xcconfig */,
			);
			name = Pods;
			sourceTree = "<group>";
		};
/* End PBXGroup section */

/* Begin PBXNativeTarget section */
		1E751D4C1FC822EA00B0D9CD /* ReactSwift */ = {
			isa = PBXNativeTarget;
			buildConfigurationList = 1E751D751FC822EB00B0D9CD /* Build configuration list for PBXNativeTarget "ReactSwift" */;
			buildPhases = (
				B8E1095C28C34EC04D7B90FD /* [CP] Check Pods Manifest.lock */,
				1E751D491FC822EA00B0D9CD /* Sources */,
				1E751D4A1FC822EA00B0D9CD /* Frameworks */,
				1E751D4B1FC822EA00B0D9CD /* Resources */,
				DE9902F6D4F850906D08A030 /* [CP] Embed Pods Frameworks */,
			);
			buildRules = (
			);
			dependencies = (
			);
			name = ReactSwift;
			productName = ReactSwift;
			productReference = 1E751D4D1FC822EA00B0D9CD /* ReactSwift.app */;
			productType = "com.apple.product-type.application";
		};
		1E751D601FC822EB00B0D9CD /* ReactSwiftTests */ = {
			isa = PBXNativeTarget;
			buildConfigurationList = 1E751D781FC822EB00B0D9CD /* Build configuration list for PBXNativeTarget "ReactSwiftTests" */;
			buildPhases = (
				77CD9CEA9F81D74D864830D8 /* [CP] Check Pods Manifest.lock */,
				1E751D5D1FC822EB00B0D9CD /* Sources */,
				1E751D5E1FC822EB00B0D9CD /* Frameworks */,
				1E751D5F1FC822EB00B0D9CD /* Resources */,
				782C5DA271DCE4A199DF2D4D /* [CP] Embed Pods Frameworks */,
			);
			buildRules = (
			);
			dependencies = (
				1E751D631FC822EB00B0D9CD /* PBXTargetDependency */,
			);
			name = ReactSwiftTests;
			productName = ReactSwiftTests;
			productReference = 1E751D611FC822EB00B0D9CD /* ReactSwiftTests.xctest */;
			productType = "com.apple.product-type.bundle.unit-test";
		};
		1E751D6B1FC822EB00B0D9CD /* ReactSwiftUITests */ = {
			isa = PBXNativeTarget;
			buildConfigurationList = 1E751D7B1FC822EB00B0D9CD /* Build configuration list for PBXNativeTarget "ReactSwiftUITests" */;
			buildPhases = (
				492B376093B750DC866FA434 /* [CP] Check Pods Manifest.lock */,
				1E751D681FC822EB00B0D9CD /* Sources */,
				1E751D691FC822EB00B0D9CD /* Frameworks */,
				1E751D6A1FC822EB00B0D9CD /* Resources */,
				68509068076DF54DAAE38D91 /* [CP] Embed Pods Frameworks */,
			);
			buildRules = (
			);
			dependencies = (
				1E751D6E1FC822EB00B0D9CD /* PBXTargetDependency */,
			);
			name = ReactSwiftUITests;
			productName = ReactSwiftUITests;
			productReference = 1E751D6C1FC822EB00B0D9CD /* ReactSwiftUITests.xctest */;
			productType = "com.apple.product-type.bundle.ui-testing";
		};
/* End PBXNativeTarget section */

/* Begin PBXProject section */
		1E751D451FC822EA00B0D9CD /* Project object */ = {
			isa = PBXProject;
			attributes = {
				LastSwiftUpdateCheck = 0910;
				LastUpgradeCheck = 0910;
				ORGANIZATIONNAME = "韩承海";
				TargetAttributes = {
					1E751D4C1FC822EA00B0D9CD = {
						CreatedOnToolsVersion = 9.1;
						ProvisioningStyle = Automatic;
					};
					1E751D601FC822EB00B0D9CD = {
						CreatedOnToolsVersion = 9.1;
						ProvisioningStyle = Automatic;
						TestTargetID = 1E751D4C1FC822EA00B0D9CD;
					};
					1E751D6B1FC822EB00B0D9CD = {
						CreatedOnToolsVersion = 9.1;
						ProvisioningStyle = Automatic;
						TestTargetID = 1E751D4C1FC822EA00B0D9CD;
					};
				};
			};
			buildConfigurationList = 1E751D481FC822EA00B0D9CD /* Build configuration list for PBXProject "ReactSwift" */;
			compatibilityVersion = "Xcode 8.0";
			developmentRegion = en;
			hasScannedForEncodings = 0;
			knownRegions = (
				en,
				Base,
			);
			mainGroup = 1E751D441FC822EA00B0D9CD;
			productRefGroup = 1E751D4E1FC822EA00B0D9CD /* Products */;
			projectDirPath = "";
			projectRoot = "";
			targets = (
				1E751D4C1FC822EA00B0D9CD /* ReactSwift */,
				1E751D601FC822EB00B0D9CD /* ReactSwiftTests */,
				1E751D6B1FC822EB00B0D9CD /* ReactSwiftUITests */,
			);
		};
/* End PBXProject section */

/* Begin PBXResourcesBuildPhase section */
		1E751D4B1FC822EA00B0D9CD /* Resources */ = {
			isa = PBXResourcesBuildPhase;
			buildActionMask = 2147483647;
			files = (
				1E751D5B1FC822EA00B0D9CD /* LaunchScreen.storyboard in Resources */,
				1E50CE2020206D8A00FC187C /* PhotoCollectionViewController.xib in Resources */,
				1E1FEBD320174A070072A156 /* FunctionViewController.xib in Resources */,
				1E751D581FC822EA00B0D9CD /* Assets.xcassets in Resources */,
				1E751D561FC822EA00B0D9CD /* Main.storyboard in Resources */,
				1E1FEBCF201731C00072A156 /* SimpleValidationViewController.xib in Resources */,
				1E9981F82015EF6400E6ABA8 /* SearchViewController.xib in Resources */,
				1E5907EB2018A6C200A8E32C /* RxDataSourcesTableViewController.xib in Resources */,
				1E9981F42015E61000E6ABA8 /* PromiseKitViewController.xib in Resources */,
				1E5907DE201863E900A8E32C /* ImagePicker ViewController.xib in Resources */,
			);
			runOnlyForDeploymentPostprocessing = 0;
		};
		1E751D5F1FC822EB00B0D9CD /* Resources */ = {
			isa = PBXResourcesBuildPhase;
			buildActionMask = 2147483647;
			files = (
			);
			runOnlyForDeploymentPostprocessing = 0;
		};
		1E751D6A1FC822EB00B0D9CD /* Resources */ = {
			isa = PBXResourcesBuildPhase;
			buildActionMask = 2147483647;
			files = (
			);
			runOnlyForDeploymentPostprocessing = 0;
		};
/* End PBXResourcesBuildPhase section */

/* Begin PBXShellScriptBuildPhase section */
		492B376093B750DC866FA434 /* [CP] Check Pods Manifest.lock */ = {
			isa = PBXShellScriptBuildPhase;
			buildActionMask = 2147483647;
			files = (
			);
			inputPaths = (
				"${PODS_PODFILE_DIR_PATH}/Podfile.lock",
				"${PODS_ROOT}/Manifest.lock",
			);
			name = "[CP] Check Pods Manifest.lock";
			outputPaths = (
				"$(DERIVED_FILE_DIR)/Pods-ReactSwift-ReactSwiftUITests-checkManifestLockResult.txt",
			);
			runOnlyForDeploymentPostprocessing = 0;
			shellPath = /bin/sh;
			shellScript = "diff \"${PODS_PODFILE_DIR_PATH}/Podfile.lock\" \"${PODS_ROOT}/Manifest.lock\" > /dev/null\nif [ $? != 0 ] ; then\n    # print error to STDERR\n    echo \"error: The sandbox is not in sync with the Podfile.lock. Run 'pod install' or update your CocoaPods installation.\" >&2\n    exit 1\nfi\n# This output is used by Xcode 'outputs' to avoid re-running this script phase.\necho \"SUCCESS\" > \"${SCRIPT_OUTPUT_FILE_0}\"\n";
			showEnvVarsInLog = 0;
		};
		68509068076DF54DAAE38D91 /* [CP] Embed Pods Frameworks */ = {
			isa = PBXShellScriptBuildPhase;
			buildActionMask = 2147483647;
			files = (
			);
			inputPaths = (
				"${SRCROOT}/Pods/Target Support Files/Pods-ReactSwift-ReactSwiftUITests/Pods-ReactSwift-ReactSwiftUITests-frameworks.sh",
				"${BUILT_PRODUCTS_DIR}/Alamofire/Alamofire.framework",
				"${BUILT_PRODUCTS_DIR}/Differentiator/Differentiator.framework",
				"${BUILT_PRODUCTS_DIR}/NSObject+Rx/NSObject_Rx.framework",
				"${BUILT_PRODUCTS_DIR}/ObjectMapper/ObjectMapper.framework",
				"${BUILT_PRODUCTS_DIR}/PromiseKit/PromiseKit.framework",
				"${BUILT_PRODUCTS_DIR}/ReactiveSwift/ReactiveSwift.framework",
				"${BUILT_PRODUCTS_DIR}/Result/Result.framework",
				"${BUILT_PRODUCTS_DIR}/RxAlamofire/RxAlamofire.framework",
				"${BUILT_PRODUCTS_DIR}/RxAtomic/RxAtomic.framework",
				"${BUILT_PRODUCTS_DIR}/RxCocoa/RxCocoa.framework",
				"${BUILT_PRODUCTS_DIR}/RxDataSources/RxDataSources.framework",
				"${BUILT_PRODUCTS_DIR}/RxOptional/RxOptional.framework",
				"${BUILT_PRODUCTS_DIR}/RxSwift/RxSwift.framework",
				"${BUILT_PRODUCTS_DIR}/SwiftyJSON/SwiftyJSON.framework",
			);
			name = "[CP] Embed Pods Frameworks";
			outputPaths = (
				"${TARGET_BUILD_DIR}/${FRAMEWORKS_FOLDER_PATH}/Alamofire.framework",
				"${TARGET_BUILD_DIR}/${FRAMEWORKS_FOLDER_PATH}/Differentiator.framework",
				"${TARGET_BUILD_DIR}/${FRAMEWORKS_FOLDER_PATH}/NSObject_Rx.framework",
				"${TARGET_BUILD_DIR}/${FRAMEWORKS_FOLDER_PATH}/ObjectMapper.framework",
				"${TARGET_BUILD_DIR}/${FRAMEWORKS_FOLDER_PATH}/PromiseKit.framework",
				"${TARGET_BUILD_DIR}/${FRAMEWORKS_FOLDER_PATH}/ReactiveSwift.framework",
				"${TARGET_BUILD_DIR}/${FRAMEWORKS_FOLDER_PATH}/Result.framework",
				"${TARGET_BUILD_DIR}/${FRAMEWORKS_FOLDER_PATH}/RxAlamofire.framework",
				"${TARGET_BUILD_DIR}/${FRAMEWORKS_FOLDER_PATH}/RxAtomic.framework",
				"${TARGET_BUILD_DIR}/${FRAMEWORKS_FOLDER_PATH}/RxCocoa.framework",
				"${TARGET_BUILD_DIR}/${FRAMEWORKS_FOLDER_PATH}/RxDataSources.framework",
				"${TARGET_BUILD_DIR}/${FRAMEWORKS_FOLDER_PATH}/RxOptional.framework",
				"${TARGET_BUILD_DIR}/${FRAMEWORKS_FOLDER_PATH}/RxSwift.framework",
				"${TARGET_BUILD_DIR}/${FRAMEWORKS_FOLDER_PATH}/SwiftyJSON.framework",
			);
			runOnlyForDeploymentPostprocessing = 0;
			shellPath = /bin/sh;
			shellScript = "\"${SRCROOT}/Pods/Target Support Files/Pods-ReactSwift-ReactSwiftUITests/Pods-ReactSwift-ReactSwiftUITests-frameworks.sh\"\n";
			showEnvVarsInLog = 0;
		};
		77CD9CEA9F81D74D864830D8 /* [CP] Check Pods Manifest.lock */ = {
			isa = PBXShellScriptBuildPhase;
			buildActionMask = 2147483647;
			files = (
			);
			inputPaths = (
				"${PODS_PODFILE_DIR_PATH}/Podfile.lock",
				"${PODS_ROOT}/Manifest.lock",
			);
			name = "[CP] Check Pods Manifest.lock";
			outputPaths = (
				"$(DERIVED_FILE_DIR)/Pods-ReactSwift-ReactSwiftTests-checkManifestLockResult.txt",
			);
			runOnlyForDeploymentPostprocessing = 0;
			shellPath = /bin/sh;
			shellScript = "diff \"${PODS_PODFILE_DIR_PATH}/Podfile.lock\" \"${PODS_ROOT}/Manifest.lock\" > /dev/null\nif [ $? != 0 ] ; then\n    # print error to STDERR\n    echo \"error: The sandbox is not in sync with the Podfile.lock. Run 'pod install' or update your CocoaPods installation.\" >&2\n    exit 1\nfi\n# This output is used by Xcode 'outputs' to avoid re-running this script phase.\necho \"SUCCESS\" > \"${SCRIPT_OUTPUT_FILE_0}\"\n";
			showEnvVarsInLog = 0;
		};
		782C5DA271DCE4A199DF2D4D /* [CP] Embed Pods Frameworks */ = {
			isa = PBXShellScriptBuildPhase;
			buildActionMask = 2147483647;
			files = (
			);
			inputPaths = (
				"${SRCROOT}/Pods/Target Support Files/Pods-ReactSwift-ReactSwiftTests/Pods-ReactSwift-ReactSwiftTests-frameworks.sh",
				"${BUILT_PRODUCTS_DIR}/Alamofire/Alamofire.framework",
				"${BUILT_PRODUCTS_DIR}/Differentiator/Differentiator.framework",
				"${BUILT_PRODUCTS_DIR}/NSObject+Rx/NSObject_Rx.framework",
				"${BUILT_PRODUCTS_DIR}/ObjectMapper/ObjectMapper.framework",
				"${BUILT_PRODUCTS_DIR}/PromiseKit/PromiseKit.framework",
				"${BUILT_PRODUCTS_DIR}/ReactiveSwift/ReactiveSwift.framework",
				"${BUILT_PRODUCTS_DIR}/Result/Result.framework",
				"${BUILT_PRODUCTS_DIR}/RxAlamofire/RxAlamofire.framework",
				"${BUILT_PRODUCTS_DIR}/RxAtomic/RxAtomic.framework",
				"${BUILT_PRODUCTS_DIR}/RxCocoa/RxCocoa.framework",
				"${BUILT_PRODUCTS_DIR}/RxDataSources/RxDataSources.framework",
				"${BUILT_PRODUCTS_DIR}/RxOptional/RxOptional.framework",
				"${BUILT_PRODUCTS_DIR}/RxSwift/RxSwift.framework",
				"${BUILT_PRODUCTS_DIR}/SwiftyJSON/SwiftyJSON.framework",
				"${BUILT_PRODUCTS_DIR}/RxBlocking/RxBlocking.framework",
				"${BUILT_PRODUCTS_DIR}/RxTest/RxTest.framework",
			);
			name = "[CP] Embed Pods Frameworks";
			outputPaths = (
				"${TARGET_BUILD_DIR}/${FRAMEWORKS_FOLDER_PATH}/Alamofire.framework",
				"${TARGET_BUILD_DIR}/${FRAMEWORKS_FOLDER_PATH}/Differentiator.framework",
				"${TARGET_BUILD_DIR}/${FRAMEWORKS_FOLDER_PATH}/NSObject_Rx.framework",
				"${TARGET_BUILD_DIR}/${FRAMEWORKS_FOLDER_PATH}/ObjectMapper.framework",
				"${TARGET_BUILD_DIR}/${FRAMEWORKS_FOLDER_PATH}/PromiseKit.framework",
				"${TARGET_BUILD_DIR}/${FRAMEWORKS_FOLDER_PATH}/ReactiveSwift.framework",
				"${TARGET_BUILD_DIR}/${FRAMEWORKS_FOLDER_PATH}/Result.framework",
				"${TARGET_BUILD_DIR}/${FRAMEWORKS_FOLDER_PATH}/RxAlamofire.framework",
				"${TARGET_BUILD_DIR}/${FRAMEWORKS_FOLDER_PATH}/RxAtomic.framework",
				"${TARGET_BUILD_DIR}/${FRAMEWORKS_FOLDER_PATH}/RxCocoa.framework",
				"${TARGET_BUILD_DIR}/${FRAMEWORKS_FOLDER_PATH}/RxDataSources.framework",
				"${TARGET_BUILD_DIR}/${FRAMEWORKS_FOLDER_PATH}/RxOptional.framework",
				"${TARGET_BUILD_DIR}/${FRAMEWORKS_FOLDER_PATH}/RxSwift.framework",
				"${TARGET_BUILD_DIR}/${FRAMEWORKS_FOLDER_PATH}/SwiftyJSON.framework",
				"${TARGET_BUILD_DIR}/${FRAMEWORKS_FOLDER_PATH}/RxBlocking.framework",
				"${TARGET_BUILD_DIR}/${FRAMEWORKS_FOLDER_PATH}/RxTest.framework",
			);
			runOnlyForDeploymentPostprocessing = 0;
			shellPath = /bin/sh;
			shellScript = "\"${SRCROOT}/Pods/Target Support Files/Pods-ReactSwift-ReactSwiftTests/Pods-ReactSwift-ReactSwiftTests-frameworks.sh\"\n";
			showEnvVarsInLog = 0;
		};
		B8E1095C28C34EC04D7B90FD /* [CP] Check Pods Manifest.lock */ = {
			isa = PBXShellScriptBuildPhase;
			buildActionMask = 2147483647;
			files = (
			);
			inputPaths = (
				"${PODS_PODFILE_DIR_PATH}/Podfile.lock",
				"${PODS_ROOT}/Manifest.lock",
			);
			name = "[CP] Check Pods Manifest.lock";
			outputPaths = (
				"$(DERIVED_FILE_DIR)/Pods-ReactSwift-checkManifestLockResult.txt",
			);
			runOnlyForDeploymentPostprocessing = 0;
			shellPath = /bin/sh;
			shellScript = "diff \"${PODS_PODFILE_DIR_PATH}/Podfile.lock\" \"${PODS_ROOT}/Manifest.lock\" > /dev/null\nif [ $? != 0 ] ; then\n    # print error to STDERR\n    echo \"error: The sandbox is not in sync with the Podfile.lock. Run 'pod install' or update your CocoaPods installation.\" >&2\n    exit 1\nfi\n# This output is used by Xcode 'outputs' to avoid re-running this script phase.\necho \"SUCCESS\" > \"${SCRIPT_OUTPUT_FILE_0}\"\n";
			showEnvVarsInLog = 0;
		};
		DE9902F6D4F850906D08A030 /* [CP] Embed Pods Frameworks */ = {
			isa = PBXShellScriptBuildPhase;
			buildActionMask = 2147483647;
			files = (
			);
			inputPaths = (
				"${SRCROOT}/Pods/Target Support Files/Pods-ReactSwift/Pods-ReactSwift-frameworks.sh",
				"${BUILT_PRODUCTS_DIR}/Alamofire/Alamofire.framework",
				"${BUILT_PRODUCTS_DIR}/Differentiator/Differentiator.framework",
				"${BUILT_PRODUCTS_DIR}/NSObject+Rx/NSObject_Rx.framework",
				"${BUILT_PRODUCTS_DIR}/ObjectMapper/ObjectMapper.framework",
				"${BUILT_PRODUCTS_DIR}/PromiseKit/PromiseKit.framework",
				"${BUILT_PRODUCTS_DIR}/ReactiveSwift/ReactiveSwift.framework",
				"${BUILT_PRODUCTS_DIR}/Result/Result.framework",
				"${BUILT_PRODUCTS_DIR}/RxAlamofire/RxAlamofire.framework",
				"${BUILT_PRODUCTS_DIR}/RxAtomic/RxAtomic.framework",
				"${BUILT_PRODUCTS_DIR}/RxCocoa/RxCocoa.framework",
				"${BUILT_PRODUCTS_DIR}/RxDataSources/RxDataSources.framework",
				"${BUILT_PRODUCTS_DIR}/RxOptional/RxOptional.framework",
				"${BUILT_PRODUCTS_DIR}/RxSwift/RxSwift.framework",
				"${BUILT_PRODUCTS_DIR}/SwiftyJSON/SwiftyJSON.framework",
			);
			name = "[CP] Embed Pods Frameworks";
			outputPaths = (
				"${TARGET_BUILD_DIR}/${FRAMEWORKS_FOLDER_PATH}/Alamofire.framework",
				"${TARGET_BUILD_DIR}/${FRAMEWORKS_FOLDER_PATH}/Differentiator.framework",
				"${TARGET_BUILD_DIR}/${FRAMEWORKS_FOLDER_PATH}/NSObject_Rx.framework",
				"${TARGET_BUILD_DIR}/${FRAMEWORKS_FOLDER_PATH}/ObjectMapper.framework",
				"${TARGET_BUILD_DIR}/${FRAMEWORKS_FOLDER_PATH}/PromiseKit.framework",
				"${TARGET_BUILD_DIR}/${FRAMEWORKS_FOLDER_PATH}/ReactiveSwift.framework",
				"${TARGET_BUILD_DIR}/${FRAMEWORKS_FOLDER_PATH}/Result.framework",
				"${TARGET_BUILD_DIR}/${FRAMEWORKS_FOLDER_PATH}/RxAlamofire.framework",
				"${TARGET_BUILD_DIR}/${FRAMEWORKS_FOLDER_PATH}/RxAtomic.framework",
				"${TARGET_BUILD_DIR}/${FRAMEWORKS_FOLDER_PATH}/RxCocoa.framework",
				"${TARGET_BUILD_DIR}/${FRAMEWORKS_FOLDER_PATH}/RxDataSources.framework",
				"${TARGET_BUILD_DIR}/${FRAMEWORKS_FOLDER_PATH}/RxOptional.framework",
				"${TARGET_BUILD_DIR}/${FRAMEWORKS_FOLDER_PATH}/RxSwift.framework",
				"${TARGET_BUILD_DIR}/${FRAMEWORKS_FOLDER_PATH}/SwiftyJSON.framework",
			);
			runOnlyForDeploymentPostprocessing = 0;
			shellPath = /bin/sh;
			shellScript = "\"${SRCROOT}/Pods/Target Support Files/Pods-ReactSwift/Pods-ReactSwift-frameworks.sh\"\n";
			showEnvVarsInLog = 0;
		};
/* End PBXShellScriptBuildPhase section */

/* Begin PBXSourcesBuildPhase section */
		1E751D491FC822EA00B0D9CD /* Sources */ = {
			isa = PBXSourcesBuildPhase;
			buildActionMask = 2147483647;
			files = (
				1E5907DD201863E900A8E32C /* ImagePicker ViewController.swift in Sources */,
				1E1FEBCB201729020072A156 /* CellReusable.swift in Sources */,
				1E5907D820184E0100A8E32C /* SubjectViewController.swift in Sources */,
				1E5907E02018669900A8E32C /* UIImagePickerController+RxCreate.swift in Sources */,
				1E9981F72015EF6400E6ABA8 /* SearchViewController.swift in Sources */,
				1E1FEBCE201731C00072A156 /* SimpleValidationViewController.swift in Sources */,
				1E50CE222020703E00FC187C /* UIViewController+Alert.swift in Sources */,
				1E5907E3201868F600A8E32C /* UIImagePickerController+Rx.swift in Sources */,
				1E5907DA201854E900A8E32C /* OperatorViewController.swift in Sources */,
				1E2F6711201B2E0F00D3A9CB /* ReactorKitViewController.swift in Sources */,
				1E9981F02015D73400E6ABA8 /* MemoryRelease.swift in Sources */,
				1E9981F32015E61000E6ABA8 /* PromiseKitViewController.swift in Sources */,
				1E751D531FC822EA00B0D9CD /* ViewController.swift in Sources */,
				1E5907E620186D1F00A8E32C /* RxDataSourcesViewController.swift in Sources */,
				1E5907D620183C8300A8E32C /* BBExtension.swift in Sources */,
				1E751D511FC822EA00B0D9CD /* AppDelegate.swift in Sources */,
				1E6B46DD21C898D600ADB9A2 /* ObservableConvertibleType+Extension.swift in Sources */,
				1E50CE1F20206D8A00FC187C /* PhotoCollectionViewController.swift in Sources */,
				1EF4EC5C20107F1300755C02 /* ApiClient.swift in Sources */,
				1E1FEBD220174A070072A156 /* FunctionViewController.swift in Sources */,
				1E1FEBC9201728D20072A156 /* SafeCollection.swift in Sources */,
				1E50CE1820206C7700FC187C /* PHPhotoLibrary+Rx.swift in Sources */,
			);
			runOnlyForDeploymentPostprocessing = 0;
		};
		1E751D5D1FC822EB00B0D9CD /* Sources */ = {
			isa = PBXSourcesBuildPhase;
			buildActionMask = 2147483647;
			files = (
				1E1FEBC5201720BC0072A156 /* RxSwiftWhyUse.swift in Sources */,
				1E751D661FC822EB00B0D9CD /* ReactSwiftTests.swift in Sources */,
				1ED2D3B61FCD25FA0098B9B1 /* RxSwiftTests.swift in Sources */,
			);
			runOnlyForDeploymentPostprocessing = 0;
		};
		1E751D681FC822EB00B0D9CD /* Sources */ = {
			isa = PBXSourcesBuildPhase;
			buildActionMask = 2147483647;
			files = (
				1E751D711FC822EB00B0D9CD /* ReactSwiftUITests.swift in Sources */,
			);
			runOnlyForDeploymentPostprocessing = 0;
		};
/* End PBXSourcesBuildPhase section */

/* Begin PBXTargetDependency section */
		1E751D631FC822EB00B0D9CD /* PBXTargetDependency */ = {
			isa = PBXTargetDependency;
			target = 1E751D4C1FC822EA00B0D9CD /* ReactSwift */;
			targetProxy = 1E751D621FC822EB00B0D9CD /* PBXContainerItemProxy */;
		};
		1E751D6E1FC822EB00B0D9CD /* PBXTargetDependency */ = {
			isa = PBXTargetDependency;
			target = 1E751D4C1FC822EA00B0D9CD /* ReactSwift */;
			targetProxy = 1E751D6D1FC822EB00B0D9CD /* PBXContainerItemProxy */;
		};
/* End PBXTargetDependency section */

/* Begin PBXVariantGroup section */
		1E751D541FC822EA00B0D9CD /* Main.storyboard */ = {
			isa = PBXVariantGroup;
			children = (
				1E751D551FC822EA00B0D9CD /* Base */,
			);
			name = Main.storyboard;
			sourceTree = "<group>";
		};
		1E751D591FC822EA00B0D9CD /* LaunchScreen.storyboard */ = {
			isa = PBXVariantGroup;
			children = (
				1E751D5A1FC822EA00B0D9CD /* Base */,
			);
			name = LaunchScreen.storyboard;
			sourceTree = "<group>";
		};
/* End PBXVariantGroup section */

/* Begin XCBuildConfiguration section */
		1E751D731FC822EB00B0D9CD /* Debug */ = {
			isa = XCBuildConfiguration;
			buildSettings = {
				ALWAYS_SEARCH_USER_PATHS = NO;
				CLANG_ANALYZER_NONNULL = YES;
				CLANG_ANALYZER_NUMBER_OBJECT_CONVERSION = YES_AGGRESSIVE;
				CLANG_CXX_LANGUAGE_STANDARD = "gnu++14";
				CLANG_CXX_LIBRARY = "libc++";
				CLANG_ENABLE_MODULES = YES;
				CLANG_ENABLE_OBJC_ARC = YES;
				CLANG_WARN_BLOCK_CAPTURE_AUTORELEASING = YES;
				CLANG_WARN_BOOL_CONVERSION = YES;
				CLANG_WARN_COMMA = YES;
				CLANG_WARN_CONSTANT_CONVERSION = YES;
				CLANG_WARN_DIRECT_OBJC_ISA_USAGE = YES_ERROR;
				CLANG_WARN_DOCUMENTATION_COMMENTS = YES;
				CLANG_WARN_EMPTY_BODY = YES;
				CLANG_WARN_ENUM_CONVERSION = YES;
				CLANG_WARN_INFINITE_RECURSION = YES;
				CLANG_WARN_INT_CONVERSION = YES;
				CLANG_WARN_NON_LITERAL_NULL_CONVERSION = YES;
				CLANG_WARN_OBJC_LITERAL_CONVERSION = YES;
				CLANG_WARN_OBJC_ROOT_CLASS = YES_ERROR;
				CLANG_WARN_RANGE_LOOP_ANALYSIS = YES;
				CLANG_WARN_STRICT_PROTOTYPES = YES;
				CLANG_WARN_SUSPICIOUS_MOVE = YES;
				CLANG_WARN_UNGUARDED_AVAILABILITY = YES_AGGRESSIVE;
				CLANG_WARN_UNREACHABLE_CODE = YES;
				CLANG_WARN__DUPLICATE_METHOD_MATCH = YES;
				CODE_SIGN_IDENTITY = "iPhone Developer";
				COPY_PHASE_STRIP = NO;
				DEBUG_INFORMATION_FORMAT = dwarf;
				ENABLE_STRICT_OBJC_MSGSEND = YES;
				ENABLE_TESTABILITY = YES;
				GCC_C_LANGUAGE_STANDARD = gnu11;
				GCC_DYNAMIC_NO_PIC = NO;
				GCC_NO_COMMON_BLOCKS = YES;
				GCC_OPTIMIZATION_LEVEL = 0;
				GCC_PREPROCESSOR_DEFINITIONS = (
					"DEBUG=1",
					"$(inherited)",
				);
				GCC_WARN_64_TO_32_BIT_CONVERSION = YES;
				GCC_WARN_ABOUT_RETURN_TYPE = YES_ERROR;
				GCC_WARN_UNDECLARED_SELECTOR = YES;
				GCC_WARN_UNINITIALIZED_AUTOS = YES_AGGRESSIVE;
				GCC_WARN_UNUSED_FUNCTION = YES;
				GCC_WARN_UNUSED_VARIABLE = YES;
				IPHONEOS_DEPLOYMENT_TARGET = 11.1;
				MTL_ENABLE_DEBUG_INFO = YES;
				ONLY_ACTIVE_ARCH = YES;
				SDKROOT = iphoneos;
				SWIFT_ACTIVE_COMPILATION_CONDITIONS = DEBUG;
				SWIFT_OPTIMIZATION_LEVEL = "-Onone";
			};
			name = Debug;
		};
		1E751D741FC822EB00B0D9CD /* Release */ = {
			isa = XCBuildConfiguration;
			buildSettings = {
				ALWAYS_SEARCH_USER_PATHS = NO;
				CLANG_ANALYZER_NONNULL = YES;
				CLANG_ANALYZER_NUMBER_OBJECT_CONVERSION = YES_AGGRESSIVE;
				CLANG_CXX_LANGUAGE_STANDARD = "gnu++14";
				CLANG_CXX_LIBRARY = "libc++";
				CLANG_ENABLE_MODULES = YES;
				CLANG_ENABLE_OBJC_ARC = YES;
				CLANG_WARN_BLOCK_CAPTURE_AUTORELEASING = YES;
				CLANG_WARN_BOOL_CONVERSION = YES;
				CLANG_WARN_COMMA = YES;
				CLANG_WARN_CONSTANT_CONVERSION = YES;
				CLANG_WARN_DIRECT_OBJC_ISA_USAGE = YES_ERROR;
				CLANG_WARN_DOCUMENTATION_COMMENTS = YES;
				CLANG_WARN_EMPTY_BODY = YES;
				CLANG_WARN_ENUM_CONVERSION = YES;
				CLANG_WARN_INFINITE_RECURSION = YES;
				CLANG_WARN_INT_CONVERSION = YES;
				CLANG_WARN_NON_LITERAL_NULL_CONVERSION = YES;
				CLANG_WARN_OBJC_LITERAL_CONVERSION = YES;
				CLANG_WARN_OBJC_ROOT_CLASS = YES_ERROR;
				CLANG_WARN_RANGE_LOOP_ANALYSIS = YES;
				CLANG_WARN_STRICT_PROTOTYPES = YES;
				CLANG_WARN_SUSPICIOUS_MOVE = YES;
				CLANG_WARN_UNGUARDED_AVAILABILITY = YES_AGGRESSIVE;
				CLANG_WARN_UNREACHABLE_CODE = YES;
				CLANG_WARN__DUPLICATE_METHOD_MATCH = YES;
				CODE_SIGN_IDENTITY = "iPhone Developer";
				COPY_PHASE_STRIP = NO;
				DEBUG_INFORMATION_FORMAT = "dwarf-with-dsym";
				ENABLE_NS_ASSERTIONS = NO;
				ENABLE_STRICT_OBJC_MSGSEND = YES;
				GCC_C_LANGUAGE_STANDARD = gnu11;
				GCC_NO_COMMON_BLOCKS = YES;
				GCC_WARN_64_TO_32_BIT_CONVERSION = YES;
				GCC_WARN_ABOUT_RETURN_TYPE = YES_ERROR;
				GCC_WARN_UNDECLARED_SELECTOR = YES;
				GCC_WARN_UNINITIALIZED_AUTOS = YES_AGGRESSIVE;
				GCC_WARN_UNUSED_FUNCTION = YES;
				GCC_WARN_UNUSED_VARIABLE = YES;
				IPHONEOS_DEPLOYMENT_TARGET = 11.1;
				MTL_ENABLE_DEBUG_INFO = NO;
				SDKROOT = iphoneos;
				SWIFT_OPTIMIZATION_LEVEL = "-Owholemodule";
				VALIDATE_PRODUCT = YES;
			};
			name = Release;
		};
		1E751D761FC822EB00B0D9CD /* Debug */ = {
			isa = XCBuildConfiguration;
			baseConfigurationReference = D76F48FF86E899791C05B997 /* Pods-ReactSwift.debug.xcconfig */;
			buildSettings = {
				ASSETCATALOG_COMPILER_APPICON_NAME = AppIcon;
				CODE_SIGN_STYLE = Automatic;
				DEVELOPMENT_TEAM = KAYVKT322E;
				INFOPLIST_FILE = ReactSwift/Info.plist;
				LD_RUNPATH_SEARCH_PATHS = "$(inherited) @executable_path/Frameworks";
				PRODUCT_BUNDLE_IDENTIFIER = com.mhfq.ReactSwift;
				PRODUCT_NAME = "$(TARGET_NAME)";
				SWIFT_VERSION = 4.0;
				TARGETED_DEVICE_FAMILY = "1,2";
			};
			name = Debug;
		};
		1E751D771FC822EB00B0D9CD /* Release */ = {
			isa = XCBuildConfiguration;
			baseConfigurationReference = 35EAA29AFF579E15AAE12A38 /* Pods-ReactSwift.release.xcconfig */;
			buildSettings = {
				ASSETCATALOG_COMPILER_APPICON_NAME = AppIcon;
				CODE_SIGN_STYLE = Automatic;
				DEVELOPMENT_TEAM = KAYVKT322E;
				INFOPLIST_FILE = ReactSwift/Info.plist;
				LD_RUNPATH_SEARCH_PATHS = "$(inherited) @executable_path/Frameworks";
				PRODUCT_BUNDLE_IDENTIFIER = com.mhfq.ReactSwift;
				PRODUCT_NAME = "$(TARGET_NAME)";
				SWIFT_VERSION = 4.0;
				TARGETED_DEVICE_FAMILY = "1,2";
			};
			name = Release;
		};
		1E751D791FC822EB00B0D9CD /* Debug */ = {
			isa = XCBuildConfiguration;
			baseConfigurationReference = 2F52DF6709BFE1A936A770FF /* Pods-ReactSwift-ReactSwiftTests.debug.xcconfig */;
			buildSettings = {
				ALWAYS_EMBED_SWIFT_STANDARD_LIBRARIES = "$(inherited)";
				BUNDLE_LOADER = "$(TEST_HOST)";
				CODE_SIGN_STYLE = Automatic;
				DEVELOPMENT_TEAM = KAYVKT322E;
				INFOPLIST_FILE = ReactSwiftTests/Info.plist;
				LD_RUNPATH_SEARCH_PATHS = "$(inherited) @executable_path/Frameworks @loader_path/Frameworks";
				PRODUCT_BUNDLE_IDENTIFIER = com.mhfq.rxSwfit.ReactSwiftTests;
				PRODUCT_NAME = "$(TARGET_NAME)";
				SWIFT_VERSION = 4.0;
				TARGETED_DEVICE_FAMILY = "1,2";
				TEST_HOST = "$(BUILT_PRODUCTS_DIR)/ReactSwift.app/ReactSwift";
			};
			name = Debug;
		};
		1E751D7A1FC822EB00B0D9CD /* Release */ = {
			isa = XCBuildConfiguration;
			baseConfigurationReference = B356763AD92B7BBACD086175 /* Pods-ReactSwift-ReactSwiftTests.release.xcconfig */;
			buildSettings = {
				ALWAYS_EMBED_SWIFT_STANDARD_LIBRARIES = "$(inherited)";
				BUNDLE_LOADER = "$(TEST_HOST)";
				CODE_SIGN_STYLE = Automatic;
				DEVELOPMENT_TEAM = KAYVKT322E;
				INFOPLIST_FILE = ReactSwiftTests/Info.plist;
				LD_RUNPATH_SEARCH_PATHS = "$(inherited) @executable_path/Frameworks @loader_path/Frameworks";
				PRODUCT_BUNDLE_IDENTIFIER = com.mhfq.rxSwfit.ReactSwiftTests;
				PRODUCT_NAME = "$(TARGET_NAME)";
				SWIFT_VERSION = 4.0;
				TARGETED_DEVICE_FAMILY = "1,2";
				TEST_HOST = "$(BUILT_PRODUCTS_DIR)/ReactSwift.app/ReactSwift";
			};
			name = Release;
		};
		1E751D7C1FC822EB00B0D9CD /* Debug */ = {
			isa = XCBuildConfiguration;
			baseConfigurationReference = 80B2746B7CE919FE6669E946 /* Pods-ReactSwift-ReactSwiftUITests.debug.xcconfig */;
			buildSettings = {
				ALWAYS_EMBED_SWIFT_STANDARD_LIBRARIES = "$(inherited)";
				CODE_SIGN_STYLE = Automatic;
				DEVELOPMENT_TEAM = KAYVKT322E;
				INFOPLIST_FILE = ReactSwiftUITests/Info.plist;
				LD_RUNPATH_SEARCH_PATHS = "$(inherited) @executable_path/Frameworks @loader_path/Frameworks";
				PRODUCT_BUNDLE_IDENTIFIER = com.mhfq.rxSwfit.ReactSwiftUITests;
				PRODUCT_NAME = "$(TARGET_NAME)";
				SWIFT_VERSION = 4.0;
				TARGETED_DEVICE_FAMILY = "1,2";
				TEST_TARGET_NAME = ReactSwift;
			};
			name = Debug;
		};
		1E751D7D1FC822EB00B0D9CD /* Release */ = {
			isa = XCBuildConfiguration;
			baseConfigurationReference = A01D83207573BB0CD5500D7A /* Pods-ReactSwift-ReactSwiftUITests.release.xcconfig */;
			buildSettings = {
				ALWAYS_EMBED_SWIFT_STANDARD_LIBRARIES = "$(inherited)";
				CODE_SIGN_STYLE = Automatic;
				DEVELOPMENT_TEAM = KAYVKT322E;
				INFOPLIST_FILE = ReactSwiftUITests/Info.plist;
				LD_RUNPATH_SEARCH_PATHS = "$(inherited) @executable_path/Frameworks @loader_path/Frameworks";
				PRODUCT_BUNDLE_IDENTIFIER = com.mhfq.rxSwfit.ReactSwiftUITests;
				PRODUCT_NAME = "$(TARGET_NAME)";
				SWIFT_VERSION = 4.0;
				TARGETED_DEVICE_FAMILY = "1,2";
				TEST_TARGET_NAME = ReactSwift;
			};
			name = Release;
		};
/* End XCBuildConfiguration section */

/* Begin XCConfigurationList section */
		1E751D481FC822EA00B0D9CD /* Build configuration list for PBXProject "ReactSwift" */ = {
			isa = XCConfigurationList;
			buildConfigurations = (
				1E751D731FC822EB00B0D9CD /* Debug */,
				1E751D741FC822EB00B0D9CD /* Release */,
			);
			defaultConfigurationIsVisible = 0;
			defaultConfigurationName = Release;
		};
		1E751D751FC822EB00B0D9CD /* Build configuration list for PBXNativeTarget "ReactSwift" */ = {
			isa = XCConfigurationList;
			buildConfigurations = (
				1E751D761FC822EB00B0D9CD /* Debug */,
				1E751D771FC822EB00B0D9CD /* Release */,
			);
			defaultConfigurationIsVisible = 0;
			defaultConfigurationName = Release;
		};
		1E751D781FC822EB00B0D9CD /* Build configuration list for PBXNativeTarget "ReactSwiftTests" */ = {
			isa = XCConfigurationList;
			buildConfigurations = (
				1E751D791FC822EB00B0D9CD /* Debug */,
				1E751D7A1FC822EB00B0D9CD /* Release */,
			);
			defaultConfigurationIsVisible = 0;
			defaultConfigurationName = Release;
		};
		1E751D7B1FC822EB00B0D9CD /* Build configuration list for PBXNativeTarget "ReactSwiftUITests" */ = {
			isa = XCConfigurationList;
			buildConfigurations = (
				1E751D7C1FC822EB00B0D9CD /* Debug */,
				1E751D7D1FC822EB00B0D9CD /* Release */,
			);
			defaultConfigurationIsVisible = 0;
			defaultConfigurationName = Release;
		};
/* End XCConfigurationList section */
	};
	rootObject = 1E751D451FC822EA00B0D9CD /* Project object */;
}
