// !$*UTF8*$!
{
	archiveVersion = 1;
	classes = {
	};
	objectVersion = 48;
	objects = {

/* Begin PBXBuildFile section */
		1E24A7AB1FCC11B300D2F47D /* AppDelegate.swift in Sources */ = {isa = PBXBuildFile; fileRef = 1E24A7AA1FCC11B300D2F47D /* AppDelegate.swift */; };
		1E24A7AD1FCC11B300D2F47D /* ViewController.swift in Sources */ = {isa = PBXBuildFile; fileRef = 1E24A7AC1FCC11B300D2F47D /* ViewController.swift */; };
		1E24A7B01FCC11B300D2F47D /* Main.storyboard in Resources */ = {isa = PBXBuildFile; fileRef = 1E24A7AE1FCC11B300D2F47D /* Main.storyboard */; };
		1E24A7B21FCC11B300D2F47D /* Assets.xcassets in Resources */ = {isa = PBXBuildFile; fileRef = 1E24A7B11FCC11B300D2F47D /* Assets.xcassets */; };
		1E24A7B51FCC11B300D2F47D /* LaunchScreen.storyboard in Resources */ = {isa = PBXBuildFile; fileRef = 1E24A7B31FCC11B300D2F47D /* LaunchScreen.storyboard */; };
		1E24A7C01FCC11B300D2F47D /* UIViewAnimationTests.swift in Sources */ = {isa = PBXBuildFile; fileRef = 1E24A7BF1FCC11B300D2F47D /* UIViewAnimationTests.swift */; };
		1E24A7CB1FCC11B300D2F47D /* UIViewAnimationUITests.swift in Sources */ = {isa = PBXBuildFile; fileRef = 1E24A7CA1FCC11B300D2F47D /* UIViewAnimationUITests.swift */; };
/* End PBXBuildFile section */

/* Begin PBXContainerItemProxy section */
		1E24A7BC1FCC11B300D2F47D /* PBXContainerItemProxy */ = {
			isa = PBXContainerItemProxy;
			containerPortal = 1E24A79F1FCC11B300D2F47D /* Project object */;
			proxyType = 1;
			remoteGlobalIDString = 1E24A7A61FCC11B300D2F47D;
			remoteInfo = UIViewAnimation;
		};
		1E24A7C71FCC11B300D2F47D /* PBXContainerItemProxy */ = {
			isa = PBXContainerItemProxy;
			containerPortal = 1E24A79F1FCC11B300D2F47D /* Project object */;
			proxyType = 1;
			remoteGlobalIDString = 1E24A7A61FCC11B300D2F47D;
			remoteInfo = UIViewAnimation;
		};
/* End PBXContainerItemProxy section */

/* Begin PBXFileReference section */
		1E24A7A71FCC11B300D2F47D /* UIViewAnimation.app */ = {isa = PBXFileReference; explicitFileType = wrapper.application; includeInIndex = 0; path = UIViewAnimation.app; sourceTree = BUILT_PRODUCTS_DIR; };
		1E24A7AA1FCC11B300D2F47D /* AppDelegate.swift */ = {isa = PBXFileReference; lastKnownFileType = sourcecode.swift; path = AppDelegate.swift; sourceTree = "<group>"; };
		1E24A7AC1FCC11B300D2F47D /* ViewController.swift */ = {isa = PBXFileReference; lastKnownFileType = sourcecode.swift; path = ViewController.swift; sourceTree = "<group>"; };
		1E24A7AF1FCC11B300D2F47D /* Base */ = {isa = PBXFileReference; lastKnownFileType = file.storyboard; name = Base; path = Base.lproj/Main.storyboard; sourceTree = "<group>"; };
		1E24A7B11FCC11B300D2F47D /* Assets.xcassets */ = {isa = PBXFileReference; lastKnownFileType = folder.assetcatalog; path = Assets.xcassets; sourceTree = "<group>"; };
		1E24A7B41FCC11B300D2F47D /* Base */ = {isa = PBXFileReference; lastKnownFileType = file.storyboard; name = Base; path = Base.lproj/LaunchScreen.storyboard; sourceTree = "<group>"; };
		1E24A7B61FCC11B300D2F47D /* Info.plist */ = {isa = PBXFileReference; lastKnownFileType = text.plist.xml; path = Info.plist; sourceTree = "<group>"; };
		1E24A7BB1FCC11B300D2F47D /* UIViewAnimationTests.xctest */ = {isa = PBXFileReference; explicitFileType = wrapper.cfbundle; includeInIndex = 0; path = UIViewAnimationTests.xctest; sourceTree = BUILT_PRODUCTS_DIR; };
		1E24A7BF1FCC11B300D2F47D /* UIViewAnimationTests.swift */ = {isa = PBXFileReference; lastKnownFileType = sourcecode.swift; path = UIViewAnimationTests.swift; sourceTree = "<group>"; };
		1E24A7C11FCC11B300D2F47D /* Info.plist */ = {isa = PBXFileReference; lastKnownFileType = text.plist.xml; path = Info.plist; sourceTree = "<group>"; };
		1E24A7C61FCC11B300D2F47D /* UIViewAnimationUITests.xctest */ = {isa = PBXFileReference; explicitFileType = wrapper.cfbundle; includeInIndex = 0; path = UIViewAnimationUITests.xctest; sourceTree = BUILT_PRODUCTS_DIR; };
		1E24A7CA1FCC11B300D2F47D /* UIViewAnimationUITests.swift */ = {isa = PBXFileReference; lastKnownFileType = sourcecode.swift; path = UIViewAnimationUITests.swift; sourceTree = "<group>"; };
		1E24A7CC1FCC11B300D2F47D /* Info.plist */ = {isa = PBXFileReference; lastKnownFileType = text.plist.xml; path = Info.plist; sourceTree = "<group>"; };
/* End PBXFileReference section */

/* Begin PBXFrameworksBuildPhase section */
		1E24A7A41FCC11B300D2F47D /* Frameworks */ = {
			isa = PBXFrameworksBuildPhase;
			buildActionMask = 2147483647;
			files = (
			);
			runOnlyForDeploymentPostprocessing = 0;
		};
		1E24A7B81FCC11B300D2F47D /* Frameworks */ = {
			isa = PBXFrameworksBuildPhase;
			buildActionMask = 2147483647;
			files = (
			);
			runOnlyForDeploymentPostprocessing = 0;
		};
		1E24A7C31FCC11B300D2F47D /* Frameworks */ = {
			isa = PBXFrameworksBuildPhase;
			buildActionMask = 2147483647;
			files = (
			);
			runOnlyForDeploymentPostprocessing = 0;
		};
/* End PBXFrameworksBuildPhase section */

/* Begin PBXGroup section */
		1E24A79E1FCC11B300D2F47D = {
			isa = PBXGroup;
			children = (
				1E24A7A91FCC11B300D2F47D /* UIViewAnimation */,
				1E24A7BE1FCC11B300D2F47D /* UIViewAnimationTests */,
				1E24A7C91FCC11B300D2F47D /* UIViewAnimationUITests */,
				1E24A7A81FCC11B300D2F47D /* Products */,
			);
			sourceTree = "<group>";
		};
		1E24A7A81FCC11B300D2F47D /* Products */ = {
			isa = PBXGroup;
			children = (
				1E24A7A71FCC11B300D2F47D /* UIViewAnimation.app */,
				1E24A7BB1FCC11B300D2F47D /* UIViewAnimationTests.xctest */,
				1E24A7C61FCC11B300D2F47D /* UIViewAnimationUITests.xctest */,
			);
			name = Products;
			sourceTree = "<group>";
		};
		1E24A7A91FCC11B300D2F47D /* UIViewAnimation */ = {
			isa = PBXGroup;
			children = (
				1E24A7AA1FCC11B300D2F47D /* AppDelegate.swift */,
				1E24A7AC1FCC11B300D2F47D /* ViewController.swift */,
				1E24A7AE1FCC11B300D2F47D /* Main.storyboard */,
				1E24A7B11FCC11B300D2F47D /* Assets.xcassets */,
				1E24A7B31FCC11B300D2F47D /* LaunchScreen.storyboard */,
				1E24A7B61FCC11B300D2F47D /* Info.plist */,
			);
			path = UIViewAnimation;
			sourceTree = "<group>";
		};
		1E24A7BE1FCC11B300D2F47D /* UIViewAnimationTests */ = {
			isa = PBXGroup;
			children = (
				1E24A7BF1FCC11B300D2F47D /* UIViewAnimationTests.swift */,
				1E24A7C11FCC11B300D2F47D /* Info.plist */,
			);
			path = UIViewAnimationTests;
			sourceTree = "<group>";
		};
		1E24A7C91FCC11B300D2F47D /* UIViewAnimationUITests */ = {
			isa = PBXGroup;
			children = (
				1E24A7CA1FCC11B300D2F47D /* UIViewAnimationUITests.swift */,
				1E24A7CC1FCC11B300D2F47D /* Info.plist */,
			);
			path = UIViewAnimationUITests;
			sourceTree = "<group>";
		};
/* End PBXGroup section */

/* Begin PBXNativeTarget section */
		1E24A7A61FCC11B300D2F47D /* UIViewAnimation */ = {
			isa = PBXNativeTarget;
			buildConfigurationList = 1E24A7CF1FCC11B300D2F47D /* Build configuration list for PBXNativeTarget "UIViewAnimation" */;
			buildPhases = (
				1E24A7A31FCC11B300D2F47D /* Sources */,
				1E24A7A41FCC11B300D2F47D /* Frameworks */,
				1E24A7A51FCC11B300D2F47D /* Resources */,
			);
			buildRules = (
			);
			dependencies = (
			);
			name = UIViewAnimation;
			productName = UIViewAnimation;
			productReference = 1E24A7A71FCC11B300D2F47D /* UIViewAnimation.app */;
			productType = "com.apple.product-type.application";
		};
		1E24A7BA1FCC11B300D2F47D /* UIViewAnimationTests */ = {
			isa = PBXNativeTarget;
			buildConfigurationList = 1E24A7D21FCC11B300D2F47D /* Build configuration list for PBXNativeTarget "UIViewAnimationTests" */;
			buildPhases = (
				1E24A7B71FCC11B300D2F47D /* Sources */,
				1E24A7B81FCC11B300D2F47D /* Frameworks */,
				1E24A7B91FCC11B300D2F47D /* Resources */,
			);
			buildRules = (
			);
			dependencies = (
				1E24A7BD1FCC11B300D2F47D /* PBXTargetDependency */,
			);
			name = UIViewAnimationTests;
			productName = UIViewAnimationTests;
			productReference = 1E24A7BB1FCC11B300D2F47D /* UIViewAnimationTests.xctest */;
			productType = "com.apple.product-type.bundle.unit-test";
		};
		1E24A7C51FCC11B300D2F47D /* UIViewAnimationUITests */ = {
			isa = PBXNativeTarget;
			buildConfigurationList = 1E24A7D51FCC11B300D2F47D /* Build configuration list for PBXNativeTarget "UIViewAnimationUITests" */;
			buildPhases = (
				1E24A7C21FCC11B300D2F47D /* Sources */,
				1E24A7C31FCC11B300D2F47D /* Frameworks */,
				1E24A7C41FCC11B300D2F47D /* Resources */,
			);
			buildRules = (
			);
			dependencies = (
				1E24A7C81FCC11B300D2F47D /* PBXTargetDependency */,
			);
			name = UIViewAnimationUITests;
			productName = UIViewAnimationUITests;
			productReference = 1E24A7C61FCC11B300D2F47D /* UIViewAnimationUITests.xctest */;
			productType = "com.apple.product-type.bundle.ui-testing";
		};
/* End PBXNativeTarget section */

/* Begin PBXProject section */
		1E24A79F1FCC11B300D2F47D /* Project object */ = {
			isa = PBXProject;
			attributes = {
				LastSwiftUpdateCheck = 0910;
				LastUpgradeCheck = 0910;
				ORGANIZATIONNAME = "韩小醋";
				TargetAttributes = {
					1E24A7A61FCC11B300D2F47D = {
						CreatedOnToolsVersion = 9.1;
						ProvisioningStyle = Automatic;
					};
					1E24A7BA1FCC11B300D2F47D = {
						CreatedOnToolsVersion = 9.1;
						ProvisioningStyle = Automatic;
						TestTargetID = 1E24A7A61FCC11B300D2F47D;
					};
					1E24A7C51FCC11B300D2F47D = {
						CreatedOnToolsVersion = 9.1;
						ProvisioningStyle = Automatic;
						TestTargetID = 1E24A7A61FCC11B300D2F47D;
					};
				};
			};
			buildConfigurationList = 1E24A7A21FCC11B300D2F47D /* Build configuration list for PBXProject "UIViewAnimation" */;
			compatibilityVersion = "Xcode 8.0";
			developmentRegion = en;
			hasScannedForEncodings = 0;
			knownRegions = (
				en,
				Base,
			);
			mainGroup = 1E24A79E1FCC11B300D2F47D;
			productRefGroup = 1E24A7A81FCC11B300D2F47D /* Products */;
			projectDirPath = "";
			projectRoot = "";
			targets = (
				1E24A7A61FCC11B300D2F47D /* UIViewAnimation */,
				1E24A7BA1FCC11B300D2F47D /* UIViewAnimationTests */,
				1E24A7C51FCC11B300D2F47D /* UIViewAnimationUITests */,
			);
		};
/* End PBXProject section */

/* Begin PBXResourcesBuildPhase section */
		1E24A7A51FCC11B300D2F47D /* Resources */ = {
			isa = PBXResourcesBuildPhase;
			buildActionMask = 2147483647;
			files = (
				1E24A7B51FCC11B300D2F47D /* LaunchScreen.storyboard in Resources */,
				1E24A7B21FCC11B300D2F47D /* Assets.xcassets in Resources */,
				1E24A7B01FCC11B300D2F47D /* Main.storyboard in Resources */,
			);
			runOnlyForDeploymentPostprocessing = 0;
		};
		1E24A7B91FCC11B300D2F47D /* Resources */ = {
			isa = PBXResourcesBuildPhase;
			buildActionMask = 2147483647;
			files = (
			);
			runOnlyForDeploymentPostprocessing = 0;
		};
		1E24A7C41FCC11B300D2F47D /* Resources */ = {
			isa = PBXResourcesBuildPhase;
			buildActionMask = 2147483647;
			files = (
			);
			runOnlyForDeploymentPostprocessing = 0;
		};
/* End PBXResourcesBuildPhase section */

/* Begin PBXSourcesBuildPhase section */
		1E24A7A31FCC11B300D2F47D /* Sources */ = {
			isa = PBXSourcesBuildPhase;
			buildActionMask = 2147483647;
			files = (
				1E24A7AD1FCC11B300D2F47D /* ViewController.swift in Sources */,
				1E24A7AB1FCC11B300D2F47D /* AppDelegate.swift in Sources */,
			);
			runOnlyForDeploymentPostprocessing = 0;
		};
		1E24A7B71FCC11B300D2F47D /* Sources */ = {
			isa = PBXSourcesBuildPhase;
			buildActionMask = 2147483647;
			files = (
				1E24A7C01FCC11B300D2F47D /* UIViewAnimationTests.swift in Sources */,
			);
			runOnlyForDeploymentPostprocessing = 0;
		};
		1E24A7C21FCC11B300D2F47D /* Sources */ = {
			isa = PBXSourcesBuildPhase;
			buildActionMask = 2147483647;
			files = (
				1E24A7CB1FCC11B300D2F47D /* UIViewAnimationUITests.swift in Sources */,
			);
			runOnlyForDeploymentPostprocessing = 0;
		};
/* End PBXSourcesBuildPhase section */

/* Begin PBXTargetDependency section */
		1E24A7BD1FCC11B300D2F47D /* PBXTargetDependency */ = {
			isa = PBXTargetDependency;
			target = 1E24A7A61FCC11B300D2F47D /* UIViewAnimation */;
			targetProxy = 1E24A7BC1FCC11B300D2F47D /* PBXContainerItemProxy */;
		};
		1E24A7C81FCC11B300D2F47D /* PBXTargetDependency */ = {
			isa = PBXTargetDependency;
			target = 1E24A7A61FCC11B300D2F47D /* UIViewAnimation */;
			targetProxy = 1E24A7C71FCC11B300D2F47D /* PBXContainerItemProxy */;
		};
/* End PBXTargetDependency section */

/* Begin PBXVariantGroup section */
		1E24A7AE1FCC11B300D2F47D /* Main.storyboard */ = {
			isa = PBXVariantGroup;
			children = (
				1E24A7AF1FCC11B300D2F47D /* Base */,
			);
			name = Main.storyboard;
			sourceTree = "<group>";
		};
		1E24A7B31FCC11B300D2F47D /* LaunchScreen.storyboard */ = {
			isa = PBXVariantGroup;
			children = (
				1E24A7B41FCC11B300D2F47D /* Base */,
			);
			name = LaunchScreen.storyboard;
			sourceTree = "<group>";
		};
/* End PBXVariantGroup section */

/* Begin XCBuildConfiguration section */
		1E24A7CD1FCC11B300D2F47D /* Debug */ = {
			isa = XCBuildConfiguration;
			buildSettings = {
				ALWAYS_SEARCH_USER_PATHS = NO;
				CLANG_ANALYZER_NONNULL = YES;
				CLANG_ANALYZER_NUMBER_OBJECT_CONVERSION = YES_AGGRESSIVE;
				CLANG_CXX_LANGUAGE_STANDARD = "gnu++14";
				CLANG_CXX_LIBRARY = "libc++";
				CLANG_ENABLE_MODULES = YES;
				CLANG_ENABLE_OBJC_ARC = YES;
				CLANG_WARN_BLOCK_CAPTURE_AUTORELEASING = YES;
				CLANG_WARN_BOOL_CONVERSION = YES;
				CLANG_WARN_COMMA = YES;
				CLANG_WARN_CONSTANT_CONVERSION = YES;
				CLANG_WARN_DIRECT_OBJC_ISA_USAGE = YES_ERROR;
				CLANG_WARN_DOCUMENTATION_COMMENTS = YES;
				CLANG_WARN_EMPTY_BODY = YES;
				CLANG_WARN_ENUM_CONVERSION = YES;
				CLANG_WARN_INFINITE_RECURSION = YES;
				CLANG_WARN_INT_CONVERSION = YES;
				CLANG_WARN_NON_LITERAL_NULL_CONVERSION = YES;
				CLANG_WARN_OBJC_LITERAL_CONVERSION = YES;
				CLANG_WARN_OBJC_ROOT_CLASS = YES_ERROR;
				CLANG_WARN_RANGE_LOOP_ANALYSIS = YES;
				CLANG_WARN_STRICT_PROTOTYPES = YES;
				CLANG_WARN_SUSPICIOUS_MOVE = YES;
				CLANG_WARN_UNGUARDED_AVAILABILITY = YES_AGGRESSIVE;
				CLANG_WARN_UNREACHABLE_CODE = YES;
				CLANG_WARN__DUPLICATE_METHOD_MATCH = YES;
				CODE_SIGN_IDENTITY = "iPhone Developer";
				COPY_PHASE_STRIP = NO;
				DEBUG_INFORMATION_FORMAT = dwarf;
				ENABLE_STRICT_OBJC_MSGSEND = YES;
				ENABLE_TESTABILITY = YES;
				GCC_C_LANGUAGE_STANDARD = gnu11;
				GCC_DYNAMIC_NO_PIC = NO;
				GCC_NO_COMMON_BLOCKS = YES;
				GCC_OPTIMIZATION_LEVEL = 0;
				GCC_PREPROCESSOR_DEFINITIONS = (
					"DEBUG=1",
					"$(inherited)",
				);
				GCC_WARN_64_TO_32_BIT_CONVERSION = YES;
				GCC_WARN_ABOUT_RETURN_TYPE = YES_ERROR;
				GCC_WARN_UNDECLARED_SELECTOR = YES;
				GCC_WARN_UNINITIALIZED_AUTOS = YES_AGGRESSIVE;
				GCC_WARN_UNUSED_FUNCTION = YES;
				GCC_WARN_UNUSED_VARIABLE = YES;
				IPHONEOS_DEPLOYMENT_TARGET = 11.1;
				MTL_ENABLE_DEBUG_INFO = YES;
				ONLY_ACTIVE_ARCH = YES;
				SDKROOT = iphoneos;
				SWIFT_ACTIVE_COMPILATION_CONDITIONS = DEBUG;
				SWIFT_OPTIMIZATION_LEVEL = "-Onone";
			};
			name = Debug;
		};
		1E24A7CE1FCC11B300D2F47D /* Release */ = {
			isa = XCBuildConfiguration;
			buildSettings = {
				ALWAYS_SEARCH_USER_PATHS = NO;
				CLANG_ANALYZER_NONNULL = YES;
				CLANG_ANALYZER_NUMBER_OBJECT_CONVERSION = YES_AGGRESSIVE;
				CLANG_CXX_LANGUAGE_STANDARD = "gnu++14";
				CLANG_CXX_LIBRARY = "libc++";
				CLANG_ENABLE_MODULES = YES;
				CLANG_ENABLE_OBJC_ARC = YES;
				CLANG_WARN_BLOCK_CAPTURE_AUTORELEASING = YES;
				CLANG_WARN_BOOL_CONVERSION = YES;
				CLANG_WARN_COMMA = YES;
				CLANG_WARN_CONSTANT_CONVERSION = YES;
				CLANG_WARN_DIRECT_OBJC_ISA_USAGE = YES_ERROR;
				CLANG_WARN_DOCUMENTATION_COMMENTS = YES;
				CLANG_WARN_EMPTY_BODY = YES;
				CLANG_WARN_ENUM_CONVERSION = YES;
				CLANG_WARN_INFINITE_RECURSION = YES;
				CLANG_WARN_INT_CONVERSION = YES;
				CLANG_WARN_NON_LITERAL_NULL_CONVERSION = YES;
				CLANG_WARN_OBJC_LITERAL_CONVERSION = YES;
				CLANG_WARN_OBJC_ROOT_CLASS = YES_ERROR;
				CLANG_WARN_RANGE_LOOP_ANALYSIS = YES;
				CLANG_WARN_STRICT_PROTOTYPES = YES;
				CLANG_WARN_SUSPICIOUS_MOVE = YES;
				CLANG_WARN_UNGUARDED_AVAILABILITY = YES_AGGRESSIVE;
				CLANG_WARN_UNREACHABLE_CODE = YES;
				CLANG_WARN__DUPLICATE_METHOD_MATCH = YES;
				CODE_SIGN_IDENTITY = "iPhone Developer";
				COPY_PHASE_STRIP = NO;
				DEBUG_INFORMATION_FORMAT = "dwarf-with-dsym";
				ENABLE_NS_ASSERTIONS = NO;
				ENABLE_STRICT_OBJC_MSGSEND = YES;
				GCC_C_LANGUAGE_STANDARD = gnu11;
				GCC_NO_COMMON_BLOCKS = YES;
				GCC_WARN_64_TO_32_BIT_CONVERSION = YES;
				GCC_WARN_ABOUT_RETURN_TYPE = YES_ERROR;
				GCC_WARN_UNDECLARED_SELECTOR = YES;
				GCC_WARN_UNINITIALIZED_AUTOS = YES_AGGRESSIVE;
				GCC_WARN_UNUSED_FUNCTION = YES;
				GCC_WARN_UNUSED_VARIABLE = YES;
				IPHONEOS_DEPLOYMENT_TARGET = 11.1;
				MTL_ENABLE_DEBUG_INFO = NO;
				SDKROOT = iphoneos;
				SWIFT_OPTIMIZATION_LEVEL = "-Owholemodule";
				VALIDATE_PRODUCT = YES;
			};
			name = Release;
		};
		1E24A7D01FCC11B300D2F47D /* Debug */ = {
			isa = XCBuildConfiguration;
			buildSettings = {
				ASSETCATALOG_COMPILER_APPICON_NAME = AppIcon;
				CODE_SIGN_STYLE = Automatic;
				DEVELOPMENT_TEAM = KAYVKT322E;
				INFOPLIST_FILE = UIViewAnimation/Info.plist;
				LD_RUNPATH_SEARCH_PATHS = "$(inherited) @executable_path/Frameworks";
				PRODUCT_BUNDLE_IDENTIFIER = com.mhfq.animation.UIViewAnimation;
				PRODUCT_NAME = "$(TARGET_NAME)";
				SWIFT_VERSION = 4.0;
				TARGETED_DEVICE_FAMILY = "1,2";
			};
			name = Debug;
		};
		1E24A7D11FCC11B300D2F47D /* Release */ = {
			isa = XCBuildConfiguration;
			buildSettings = {
				ASSETCATALOG_COMPILER_APPICON_NAME = AppIcon;
				CODE_SIGN_STYLE = Automatic;
				DEVELOPMENT_TEAM = KAYVKT322E;
				INFOPLIST_FILE = UIViewAnimation/Info.plist;
				LD_RUNPATH_SEARCH_PATHS = "$(inherited) @executable_path/Frameworks";
				PRODUCT_BUNDLE_IDENTIFIER = com.mhfq.animation.UIViewAnimation;
				PRODUCT_NAME = "$(TARGET_NAME)";
				SWIFT_VERSION = 4.0;
				TARGETED_DEVICE_FAMILY = "1,2";
			};
			name = Release;
		};
		1E24A7D31FCC11B300D2F47D /* Debug */ = {
			isa = XCBuildConfiguration;
			buildSettings = {
				ALWAYS_EMBED_SWIFT_STANDARD_LIBRARIES = YES;
				BUNDLE_LOADER = "$(TEST_HOST)";
				CODE_SIGN_STYLE = Automatic;
				DEVELOPMENT_TEAM = KAYVKT322E;
				INFOPLIST_FILE = UIViewAnimationTests/Info.plist;
				LD_RUNPATH_SEARCH_PATHS = "$(inherited) @executable_path/Frameworks @loader_path/Frameworks";
				PRODUCT_BUNDLE_IDENTIFIER = com.mhfq.animation.UIViewAnimationTests;
				PRODUCT_NAME = "$(TARGET_NAME)";
				SWIFT_VERSION = 4.0;
				TARGETED_DEVICE_FAMILY = "1,2";
				TEST_HOST = "$(BUILT_PRODUCTS_DIR)/UIViewAnimation.app/UIViewAnimation";
			};
			name = Debug;
		};
		1E24A7D41FCC11B300D2F47D /* Release */ = {
			isa = XCBuildConfiguration;
			buildSettings = {
				ALWAYS_EMBED_SWIFT_STANDARD_LIBRARIES = YES;
				BUNDLE_LOADER = "$(TEST_HOST)";
				CODE_SIGN_STYLE = Automatic;
				DEVELOPMENT_TEAM = KAYVKT322E;
				INFOPLIST_FILE = UIViewAnimationTests/Info.plist;
				LD_RUNPATH_SEARCH_PATHS = "$(inherited) @executable_path/Frameworks @loader_path/Frameworks";
				PRODUCT_BUNDLE_IDENTIFIER = com.mhfq.animation.UIViewAnimationTests;
				PRODUCT_NAME = "$(TARGET_NAME)";
				SWIFT_VERSION = 4.0;
				TARGETED_DEVICE_FAMILY = "1,2";
				TEST_HOST = "$(BUILT_PRODUCTS_DIR)/UIViewAnimation.app/UIViewAnimation";
			};
			name = Release;
		};
		1E24A7D61FCC11B300D2F47D /* Debug */ = {
			isa = XCBuildConfiguration;
			buildSettings = {
				ALWAYS_EMBED_SWIFT_STANDARD_LIBRARIES = YES;
				CODE_SIGN_STYLE = Automatic;
				DEVELOPMENT_TEAM = KAYVKT322E;
				INFOPLIST_FILE = UIViewAnimationUITests/Info.plist;
				LD_RUNPATH_SEARCH_PATHS = "$(inherited) @executable_path/Frameworks @loader_path/Frameworks";
				PRODUCT_BUNDLE_IDENTIFIER = com.mhfq.animation.UIViewAnimationUITests;
				PRODUCT_NAME = "$(TARGET_NAME)";
				SWIFT_VERSION = 4.0;
				TARGETED_DEVICE_FAMILY = "1,2";
				TEST_TARGET_NAME = UIViewAnimation;
			};
			name = Debug;
		};
		1E24A7D71FCC11B300D2F47D /* Release */ = {
			isa = XCBuildConfiguration;
			buildSettings = {
				ALWAYS_EMBED_SWIFT_STANDARD_LIBRARIES = YES;
				CODE_SIGN_STYLE = Automatic;
				DEVELOPMENT_TEAM = KAYVKT322E;
				INFOPLIST_FILE = UIViewAnimationUITests/Info.plist;
				LD_RUNPATH_SEARCH_PATHS = "$(inherited) @executable_path/Frameworks @loader_path/Frameworks";
				PRODUCT_BUNDLE_IDENTIFIER = com.mhfq.animation.UIViewAnimationUITests;
				PRODUCT_NAME = "$(TARGET_NAME)";
				SWIFT_VERSION = 4.0;
				TARGETED_DEVICE_FAMILY = "1,2";
				TEST_TARGET_NAME = UIViewAnimation;
			};
			name = Release;
		};
/* End XCBuildConfiguration section */

/* Begin XCConfigurationList section */
		1E24A7A21FCC11B300D2F47D /* Build configuration list for PBXProject "UIViewAnimation" */ = {
			isa = XCConfigurationList;
			buildConfigurations = (
				1E24A7CD1FCC11B300D2F47D /* Debug */,
				1E24A7CE1FCC11B300D2F47D /* Release */,
			);
			defaultConfigurationIsVisible = 0;
			defaultConfigurationName = Release;
		};
		1E24A7CF1FCC11B300D2F47D /* Build configuration list for PBXNativeTarget "UIViewAnimation" */ = {
			isa = XCConfigurationList;
			buildConfigurations = (
				1E24A7D01FCC11B300D2F47D /* Debug */,
				1E24A7D11FCC11B300D2F47D /* Release */,
			);
			defaultConfigurationIsVisible = 0;
			defaultConfigurationName = Release;
		};
		1E24A7D21FCC11B300D2F47D /* Build configuration list for PBXNativeTarget "UIViewAnimationTests" */ = {
			isa = XCConfigurationList;
			buildConfigurations = (
				1E24A7D31FCC11B300D2F47D /* Debug */,
				1E24A7D41FCC11B300D2F47D /* Release */,
			);
			defaultConfigurationIsVisible = 0;
			defaultConfigurationName = Release;
		};
		1E24A7D51FCC11B300D2F47D /* Build configuration list for PBXNativeTarget "UIViewAnimationUITests" */ = {
			isa = XCConfigurationList;
			buildConfigurations = (
				1E24A7D61FCC11B300D2F47D /* Debug */,
				1E24A7D71FCC11B300D2F47D /* Release */,
			);
			defaultConfigurationIsVisible = 0;
			defaultConfigurationName = Release;
		};
/* End XCConfigurationList section */
	};
	rootObject = 1E24A79F1FCC11B300D2F47D /* Project object */;
}
