// !$*UTF8*$!
{
	archiveVersion = 1;
	classes = {
	};
	objectVersion = 48;
	objects = {

/* Begin PBXBuildFile section */
		1E0A3DAA1FC5166D00B19E58 /* AppDelegate.swift in Sources */ = {isa = PBXBuildFile; fileRef = 1E0A3DA91FC5166D00B19E58 /* AppDelegate.swift */; };
		1E0A3DAC1FC5166D00B19E58 /* ViewController.swift in Sources */ = {isa = PBXBuildFile; fileRef = 1E0A3DAB1FC5166D00B19E58 /* ViewController.swift */; };
		1E0A3DAF1FC5166D00B19E58 /* Main.storyboard in Resources */ = {isa = PBXBuildFile; fileRef = 1E0A3DAD1FC5166D00B19E58 /* Main.storyboard */; };
		1E0A3DB11FC5166D00B19E58 /* Assets.xcassets in Resources */ = {isa = PBXBuildFile; fileRef = 1E0A3DB01FC5166D00B19E58 /* Assets.xcassets */; };
		1E0A3DB41FC5166D00B19E58 /* LaunchScreen.storyboard in Resources */ = {isa = PBXBuildFile; fileRef = 1E0A3DB21FC5166D00B19E58 /* LaunchScreen.storyboard */; };
		1E0A3DBF1FC5166D00B19E58 /* ExtensionTests.swift in Sources */ = {isa = PBXBuildFile; fileRef = 1E0A3DBE1FC5166D00B19E58 /* ExtensionTests.swift */; };
		1E0A3DCA1FC5166D00B19E58 /* ExtensionUITests.swift in Sources */ = {isa = PBXBuildFile; fileRef = 1E0A3DC91FC5166D00B19E58 /* ExtensionUITests.swift */; };
		1E369F2B1FC7E4430030E310 /* String+Extension.swift in Sources */ = {isa = PBXBuildFile; fileRef = 1E369F2A1FC7E4430030E310 /* String+Extension.swift */; };
/* End PBXBuildFile section */

/* Begin PBXContainerItemProxy section */
		1E0A3DBB1FC5166D00B19E58 /* PBXContainerItemProxy */ = {
			isa = PBXContainerItemProxy;
			containerPortal = 1E0A3D9E1FC5166D00B19E58 /* Project object */;
			proxyType = 1;
			remoteGlobalIDString = 1E0A3DA51FC5166D00B19E58;
			remoteInfo = Extension;
		};
		1E0A3DC61FC5166D00B19E58 /* PBXContainerItemProxy */ = {
			isa = PBXContainerItemProxy;
			containerPortal = 1E0A3D9E1FC5166D00B19E58 /* Project object */;
			proxyType = 1;
			remoteGlobalIDString = 1E0A3DA51FC5166D00B19E58;
			remoteInfo = Extension;
		};
/* End PBXContainerItemProxy section */

/* Begin PBXFileReference section */
		1E0A3DA61FC5166D00B19E58 /* Extension.app */ = {isa = PBXFileReference; explicitFileType = wrapper.application; includeInIndex = 0; path = Extension.app; sourceTree = BUILT_PRODUCTS_DIR; };
		1E0A3DA91FC5166D00B19E58 /* AppDelegate.swift */ = {isa = PBXFileReference; lastKnownFileType = sourcecode.swift; path = AppDelegate.swift; sourceTree = "<group>"; };
		1E0A3DAB1FC5166D00B19E58 /* ViewController.swift */ = {isa = PBXFileReference; lastKnownFileType = sourcecode.swift; path = ViewController.swift; sourceTree = "<group>"; };
		1E0A3DAE1FC5166D00B19E58 /* Base */ = {isa = PBXFileReference; lastKnownFileType = file.storyboard; name = Base; path = Base.lproj/Main.storyboard; sourceTree = "<group>"; };
		1E0A3DB01FC5166D00B19E58 /* Assets.xcassets */ = {isa = PBXFileReference; lastKnownFileType = folder.assetcatalog; path = Assets.xcassets; sourceTree = "<group>"; };
		1E0A3DB31FC5166D00B19E58 /* Base */ = {isa = PBXFileReference; lastKnownFileType = file.storyboard; name = Base; path = Base.lproj/LaunchScreen.storyboard; sourceTree = "<group>"; };
		1E0A3DB51FC5166D00B19E58 /* Info.plist */ = {isa = PBXFileReference; lastKnownFileType = text.plist.xml; path = Info.plist; sourceTree = "<group>"; };
		1E0A3DBA1FC5166D00B19E58 /* ExtensionTests.xctest */ = {isa = PBXFileReference; explicitFileType = wrapper.cfbundle; includeInIndex = 0; path = ExtensionTests.xctest; sourceTree = BUILT_PRODUCTS_DIR; };
		1E0A3DBE1FC5166D00B19E58 /* ExtensionTests.swift */ = {isa = PBXFileReference; lastKnownFileType = sourcecode.swift; path = ExtensionTests.swift; sourceTree = "<group>"; };
		1E0A3DC01FC5166D00B19E58 /* Info.plist */ = {isa = PBXFileReference; lastKnownFileType = text.plist.xml; path = Info.plist; sourceTree = "<group>"; };
		1E0A3DC51FC5166D00B19E58 /* ExtensionUITests.xctest */ = {isa = PBXFileReference; explicitFileType = wrapper.cfbundle; includeInIndex = 0; path = ExtensionUITests.xctest; sourceTree = BUILT_PRODUCTS_DIR; };
		1E0A3DC91FC5166D00B19E58 /* ExtensionUITests.swift */ = {isa = PBXFileReference; lastKnownFileType = sourcecode.swift; path = ExtensionUITests.swift; sourceTree = "<group>"; };
		1E0A3DCB1FC5166D00B19E58 /* Info.plist */ = {isa = PBXFileReference; lastKnownFileType = text.plist.xml; path = Info.plist; sourceTree = "<group>"; };
		1E369F2A1FC7E4430030E310 /* String+Extension.swift */ = {isa = PBXFileReference; lastKnownFileType = sourcecode.swift; path = "String+Extension.swift"; sourceTree = "<group>"; };
/* End PBXFileReference section */

/* Begin PBXFrameworksBuildPhase section */
		1E0A3DA31FC5166D00B19E58 /* Frameworks */ = {
			isa = PBXFrameworksBuildPhase;
			buildActionMask = 2147483647;
			files = (
			);
			runOnlyForDeploymentPostprocessing = 0;
		};
		1E0A3DB71FC5166D00B19E58 /* Frameworks */ = {
			isa = PBXFrameworksBuildPhase;
			buildActionMask = 2147483647;
			files = (
			);
			runOnlyForDeploymentPostprocessing = 0;
		};
		1E0A3DC21FC5166D00B19E58 /* Frameworks */ = {
			isa = PBXFrameworksBuildPhase;
			buildActionMask = 2147483647;
			files = (
			);
			runOnlyForDeploymentPostprocessing = 0;
		};
/* End PBXFrameworksBuildPhase section */

/* Begin PBXGroup section */
		1E0A3D9D1FC5166D00B19E58 = {
			isa = PBXGroup;
			children = (
				1E0A3DA81FC5166D00B19E58 /* Extension */,
				1E0A3DBD1FC5166D00B19E58 /* ExtensionTests */,
				1E0A3DC81FC5166D00B19E58 /* ExtensionUITests */,
				1E0A3DA71FC5166D00B19E58 /* Products */,
			);
			sourceTree = "<group>";
		};
		1E0A3DA71FC5166D00B19E58 /* Products */ = {
			isa = PBXGroup;
			children = (
				1E0A3DA61FC5166D00B19E58 /* Extension.app */,
				1E0A3DBA1FC5166D00B19E58 /* ExtensionTests.xctest */,
				1E0A3DC51FC5166D00B19E58 /* ExtensionUITests.xctest */,
			);
			name = Products;
			sourceTree = "<group>";
		};
		1E0A3DA81FC5166D00B19E58 /* Extension */ = {
			isa = PBXGroup;
			children = (
				1E0A3DA91FC5166D00B19E58 /* AppDelegate.swift */,
				1E0A3DAB1FC5166D00B19E58 /* ViewController.swift */,
				1E0A3DAD1FC5166D00B19E58 /* Main.storyboard */,
				1E0A3DB01FC5166D00B19E58 /* Assets.xcassets */,
				1E0A3DB21FC5166D00B19E58 /* LaunchScreen.storyboard */,
				1E0A3DB51FC5166D00B19E58 /* Info.plist */,
				1E369F2A1FC7E4430030E310 /* String+Extension.swift */,
			);
			path = Extension;
			sourceTree = "<group>";
		};
		1E0A3DBD1FC5166D00B19E58 /* ExtensionTests */ = {
			isa = PBXGroup;
			children = (
				1E0A3DBE1FC5166D00B19E58 /* ExtensionTests.swift */,
				1E0A3DC01FC5166D00B19E58 /* Info.plist */,
			);
			path = ExtensionTests;
			sourceTree = "<group>";
		};
		1E0A3DC81FC5166D00B19E58 /* ExtensionUITests */ = {
			isa = PBXGroup;
			children = (
				1E0A3DC91FC5166D00B19E58 /* ExtensionUITests.swift */,
				1E0A3DCB1FC5166D00B19E58 /* Info.plist */,
			);
			path = ExtensionUITests;
			sourceTree = "<group>";
		};
/* End PBXGroup section */

/* Begin PBXNativeTarget section */
		1E0A3DA51FC5166D00B19E58 /* Extension */ = {
			isa = PBXNativeTarget;
			buildConfigurationList = 1E0A3DCE1FC5166D00B19E58 /* Build configuration list for PBXNativeTarget "Extension" */;
			buildPhases = (
				1E0A3DA21FC5166D00B19E58 /* Sources */,
				1E0A3DA31FC5166D00B19E58 /* Frameworks */,
				1E0A3DA41FC5166D00B19E58 /* Resources */,
			);
			buildRules = (
			);
			dependencies = (
			);
			name = Extension;
			productName = Extension;
			productReference = 1E0A3DA61FC5166D00B19E58 /* Extension.app */;
			productType = "com.apple.product-type.application";
		};
		1E0A3DB91FC5166D00B19E58 /* ExtensionTests */ = {
			isa = PBXNativeTarget;
			buildConfigurationList = 1E0A3DD11FC5166D00B19E58 /* Build configuration list for PBXNativeTarget "ExtensionTests" */;
			buildPhases = (
				1E0A3DB61FC5166D00B19E58 /* Sources */,
				1E0A3DB71FC5166D00B19E58 /* Frameworks */,
				1E0A3DB81FC5166D00B19E58 /* Resources */,
			);
			buildRules = (
			);
			dependencies = (
				1E0A3DBC1FC5166D00B19E58 /* PBXTargetDependency */,
			);
			name = ExtensionTests;
			productName = ExtensionTests;
			productReference = 1E0A3DBA1FC5166D00B19E58 /* ExtensionTests.xctest */;
			productType = "com.apple.product-type.bundle.unit-test";
		};
		1E0A3DC41FC5166D00B19E58 /* ExtensionUITests */ = {
			isa = PBXNativeTarget;
			buildConfigurationList = 1E0A3DD41FC5166D00B19E58 /* Build configuration list for PBXNativeTarget "ExtensionUITests" */;
			buildPhases = (
				1E0A3DC11FC5166D00B19E58 /* Sources */,
				1E0A3DC21FC5166D00B19E58 /* Frameworks */,
				1E0A3DC31FC5166D00B19E58 /* Resources */,
			);
			buildRules = (
			);
			dependencies = (
				1E0A3DC71FC5166D00B19E58 /* PBXTargetDependency */,
			);
			name = ExtensionUITests;
			productName = ExtensionUITests;
			productReference = 1E0A3DC51FC5166D00B19E58 /* ExtensionUITests.xctest */;
			productType = "com.apple.product-type.bundle.ui-testing";
		};
/* End PBXNativeTarget section */

/* Begin PBXProject section */
		1E0A3D9E1FC5166D00B19E58 /* Project object */ = {
			isa = PBXProject;
			attributes = {
				LastSwiftUpdateCheck = 0910;
				LastUpgradeCheck = 0910;
				ORGANIZATIONNAME = "韩承海";
				TargetAttributes = {
					1E0A3DA51FC5166D00B19E58 = {
						CreatedOnToolsVersion = 9.1;
						ProvisioningStyle = Automatic;
					};
					1E0A3DB91FC5166D00B19E58 = {
						CreatedOnToolsVersion = 9.1;
						ProvisioningStyle = Automatic;
						TestTargetID = 1E0A3DA51FC5166D00B19E58;
					};
					1E0A3DC41FC5166D00B19E58 = {
						CreatedOnToolsVersion = 9.1;
						ProvisioningStyle = Automatic;
						TestTargetID = 1E0A3DA51FC5166D00B19E58;
					};
				};
			};
			buildConfigurationList = 1E0A3DA11FC5166D00B19E58 /* Build configuration list for PBXProject "Extension" */;
			compatibilityVersion = "Xcode 8.0";
			developmentRegion = en;
			hasScannedForEncodings = 0;
			knownRegions = (
				en,
				Base,
			);
			mainGroup = 1E0A3D9D1FC5166D00B19E58;
			productRefGroup = 1E0A3DA71FC5166D00B19E58 /* Products */;
			projectDirPath = "";
			projectRoot = "";
			targets = (
				1E0A3DA51FC5166D00B19E58 /* Extension */,
				1E0A3DB91FC5166D00B19E58 /* ExtensionTests */,
				1E0A3DC41FC5166D00B19E58 /* ExtensionUITests */,
			);
		};
/* End PBXProject section */

/* Begin PBXResourcesBuildPhase section */
		1E0A3DA41FC5166D00B19E58 /* Resources */ = {
			isa = PBXResourcesBuildPhase;
			buildActionMask = 2147483647;
			files = (
				1E0A3DB41FC5166D00B19E58 /* LaunchScreen.storyboard in Resources */,
				1E0A3DB11FC5166D00B19E58 /* Assets.xcassets in Resources */,
				1E0A3DAF1FC5166D00B19E58 /* Main.storyboard in Resources */,
			);
			runOnlyForDeploymentPostprocessing = 0;
		};
		1E0A3DB81FC5166D00B19E58 /* Resources */ = {
			isa = PBXResourcesBuildPhase;
			buildActionMask = 2147483647;
			files = (
			);
			runOnlyForDeploymentPostprocessing = 0;
		};
		1E0A3DC31FC5166D00B19E58 /* Resources */ = {
			isa = PBXResourcesBuildPhase;
			buildActionMask = 2147483647;
			files = (
			);
			runOnlyForDeploymentPostprocessing = 0;
		};
/* End PBXResourcesBuildPhase section */

/* Begin PBXSourcesBuildPhase section */
		1E0A3DA21FC5166D00B19E58 /* Sources */ = {
			isa = PBXSourcesBuildPhase;
			buildActionMask = 2147483647;
			files = (
				1E0A3DAC1FC5166D00B19E58 /* ViewController.swift in Sources */,
				1E369F2B1FC7E4430030E310 /* String+Extension.swift in Sources */,
				1E0A3DAA1FC5166D00B19E58 /* AppDelegate.swift in Sources */,
			);
			runOnlyForDeploymentPostprocessing = 0;
		};
		1E0A3DB61FC5166D00B19E58 /* Sources */ = {
			isa = PBXSourcesBuildPhase;
			buildActionMask = 2147483647;
			files = (
				1E0A3DBF1FC5166D00B19E58 /* ExtensionTests.swift in Sources */,
			);
			runOnlyForDeploymentPostprocessing = 0;
		};
		1E0A3DC11FC5166D00B19E58 /* Sources */ = {
			isa = PBXSourcesBuildPhase;
			buildActionMask = 2147483647;
			files = (
				1E0A3DCA1FC5166D00B19E58 /* ExtensionUITests.swift in Sources */,
			);
			runOnlyForDeploymentPostprocessing = 0;
		};
/* End PBXSourcesBuildPhase section */

/* Begin PBXTargetDependency section */
		1E0A3DBC1FC5166D00B19E58 /* PBXTargetDependency */ = {
			isa = PBXTargetDependency;
			target = 1E0A3DA51FC5166D00B19E58 /* Extension */;
			targetProxy = 1E0A3DBB1FC5166D00B19E58 /* PBXContainerItemProxy */;
		};
		1E0A3DC71FC5166D00B19E58 /* PBXTargetDependency */ = {
			isa = PBXTargetDependency;
			target = 1E0A3DA51FC5166D00B19E58 /* Extension */;
			targetProxy = 1E0A3DC61FC5166D00B19E58 /* PBXContainerItemProxy */;
		};
/* End PBXTargetDependency section */

/* Begin PBXVariantGroup section */
		1E0A3DAD1FC5166D00B19E58 /* Main.storyboard */ = {
			isa = PBXVariantGroup;
			children = (
				1E0A3DAE1FC5166D00B19E58 /* Base */,
			);
			name = Main.storyboard;
			sourceTree = "<group>";
		};
		1E0A3DB21FC5166D00B19E58 /* LaunchScreen.storyboard */ = {
			isa = PBXVariantGroup;
			children = (
				1E0A3DB31FC5166D00B19E58 /* Base */,
			);
			name = LaunchScreen.storyboard;
			sourceTree = "<group>";
		};
/* End PBXVariantGroup section */

/* Begin XCBuildConfiguration section */
		1E0A3DCC1FC5166D00B19E58 /* Debug */ = {
			isa = XCBuildConfiguration;
			buildSettings = {
				ALWAYS_SEARCH_USER_PATHS = NO;
				CLANG_ANALYZER_NONNULL = YES;
				CLANG_ANALYZER_NUMBER_OBJECT_CONVERSION = YES_AGGRESSIVE;
				CLANG_CXX_LANGUAGE_STANDARD = "gnu++14";
				CLANG_CXX_LIBRARY = "libc++";
				CLANG_ENABLE_MODULES = YES;
				CLANG_ENABLE_OBJC_ARC = YES;
				CLANG_WARN_BLOCK_CAPTURE_AUTORELEASING = YES;
				CLANG_WARN_BOOL_CONVERSION = YES;
				CLANG_WARN_COMMA = YES;
				CLANG_WARN_CONSTANT_CONVERSION = YES;
				CLANG_WARN_DIRECT_OBJC_ISA_USAGE = YES_ERROR;
				CLANG_WARN_DOCUMENTATION_COMMENTS = YES;
				CLANG_WARN_EMPTY_BODY = YES;
				CLANG_WARN_ENUM_CONVERSION = YES;
				CLANG_WARN_INFINITE_RECURSION = YES;
				CLANG_WARN_INT_CONVERSION = YES;
				CLANG_WARN_NON_LITERAL_NULL_CONVERSION = YES;
				CLANG_WARN_OBJC_LITERAL_CONVERSION = YES;
				CLANG_WARN_OBJC_ROOT_CLASS = YES_ERROR;
				CLANG_WARN_RANGE_LOOP_ANALYSIS = YES;
				CLANG_WARN_STRICT_PROTOTYPES = YES;
				CLANG_WARN_SUSPICIOUS_MOVE = YES;
				CLANG_WARN_UNGUARDED_AVAILABILITY = YES_AGGRESSIVE;
				CLANG_WARN_UNREACHABLE_CODE = YES;
				CLANG_WARN__DUPLICATE_METHOD_MATCH = YES;
				CODE_SIGN_IDENTITY = "iPhone Developer";
				COPY_PHASE_STRIP = NO;
				DEBUG_INFORMATION_FORMAT = dwarf;
				ENABLE_STRICT_OBJC_MSGSEND = YES;
				ENABLE_TESTABILITY = YES;
				GCC_C_LANGUAGE_STANDARD = gnu11;
				GCC_DYNAMIC_NO_PIC = NO;
				GCC_NO_COMMON_BLOCKS = YES;
				GCC_OPTIMIZATION_LEVEL = 0;
				GCC_PREPROCESSOR_DEFINITIONS = (
					"DEBUG=1",
					"$(inherited)",
				);
				GCC_WARN_64_TO_32_BIT_CONVERSION = YES;
				GCC_WARN_ABOUT_RETURN_TYPE = YES_ERROR;
				GCC_WARN_UNDECLARED_SELECTOR = YES;
				GCC_WARN_UNINITIALIZED_AUTOS = YES_AGGRESSIVE;
				GCC_WARN_UNUSED_FUNCTION = YES;
				GCC_WARN_UNUSED_VARIABLE = YES;
				IPHONEOS_DEPLOYMENT_TARGET = 11.1;
				MTL_ENABLE_DEBUG_INFO = YES;
				ONLY_ACTIVE_ARCH = YES;
				SDKROOT = iphoneos;
				SWIFT_ACTIVE_COMPILATION_CONDITIONS = DEBUG;
				SWIFT_OPTIMIZATION_LEVEL = "-Onone";
			};
			name = Debug;
		};
		1E0A3DCD1FC5166D00B19E58 /* Release */ = {
			isa = XCBuildConfiguration;
			buildSettings = {
				ALWAYS_SEARCH_USER_PATHS = NO;
				CLANG_ANALYZER_NONNULL = YES;
				CLANG_ANALYZER_NUMBER_OBJECT_CONVERSION = YES_AGGRESSIVE;
				CLANG_CXX_LANGUAGE_STANDARD = "gnu++14";
				CLANG_CXX_LIBRARY = "libc++";
				CLANG_ENABLE_MODULES = YES;
				CLANG_ENABLE_OBJC_ARC = YES;
				CLANG_WARN_BLOCK_CAPTURE_AUTORELEASING = YES;
				CLANG_WARN_BOOL_CONVERSION = YES;
				CLANG_WARN_COMMA = YES;
				CLANG_WARN_CONSTANT_CONVERSION = YES;
				CLANG_WARN_DIRECT_OBJC_ISA_USAGE = YES_ERROR;
				CLANG_WARN_DOCUMENTATION_COMMENTS = YES;
				CLANG_WARN_EMPTY_BODY = YES;
				CLANG_WARN_ENUM_CONVERSION = YES;
				CLANG_WARN_INFINITE_RECURSION = YES;
				CLANG_WARN_INT_CONVERSION = YES;
				CLANG_WARN_NON_LITERAL_NULL_CONVERSION = YES;
				CLANG_WARN_OBJC_LITERAL_CONVERSION = YES;
				CLANG_WARN_OBJC_ROOT_CLASS = YES_ERROR;
				CLANG_WARN_RANGE_LOOP_ANALYSIS = YES;
				CLANG_WARN_STRICT_PROTOTYPES = YES;
				CLANG_WARN_SUSPICIOUS_MOVE = YES;
				CLANG_WARN_UNGUARDED_AVAILABILITY = YES_AGGRESSIVE;
				CLANG_WARN_UNREACHABLE_CODE = YES;
				CLANG_WARN__DUPLICATE_METHOD_MATCH = YES;
				CODE_SIGN_IDENTITY = "iPhone Developer";
				COPY_PHASE_STRIP = NO;
				DEBUG_INFORMATION_FORMAT = "dwarf-with-dsym";
				ENABLE_NS_ASSERTIONS = NO;
				ENABLE_STRICT_OBJC_MSGSEND = YES;
				GCC_C_LANGUAGE_STANDARD = gnu11;
				GCC_NO_COMMON_BLOCKS = YES;
				GCC_WARN_64_TO_32_BIT_CONVERSION = YES;
				GCC_WARN_ABOUT_RETURN_TYPE = YES_ERROR;
				GCC_WARN_UNDECLARED_SELECTOR = YES;
				GCC_WARN_UNINITIALIZED_AUTOS = YES_AGGRESSIVE;
				GCC_WARN_UNUSED_FUNCTION = YES;
				GCC_WARN_UNUSED_VARIABLE = YES;
				IPHONEOS_DEPLOYMENT_TARGET = 11.1;
				MTL_ENABLE_DEBUG_INFO = NO;
				SDKROOT = iphoneos;
				SWIFT_OPTIMIZATION_LEVEL = "-Owholemodule";
				VALIDATE_PRODUCT = YES;
			};
			name = Release;
		};
		1E0A3DCF1FC5166D00B19E58 /* Debug */ = {
			isa = XCBuildConfiguration;
			buildSettings = {
				ASSETCATALOG_COMPILER_APPICON_NAME = AppIcon;
				CODE_SIGN_STYLE = Automatic;
				DEVELOPMENT_TEAM = KAYVKT322E;
				INFOPLIST_FILE = Extension/Info.plist;
				LD_RUNPATH_SEARCH_PATHS = "$(inherited) @executable_path/Frameworks";
				PRODUCT_BUNDLE_IDENTIFIER = com.mhfq.extension.Extension;
				PRODUCT_NAME = "$(TARGET_NAME)";
				SWIFT_VERSION = 4.0;
				TARGETED_DEVICE_FAMILY = "1,2";
			};
			name = Debug;
		};
		1E0A3DD01FC5166D00B19E58 /* Release */ = {
			isa = XCBuildConfiguration;
			buildSettings = {
				ASSETCATALOG_COMPILER_APPICON_NAME = AppIcon;
				CODE_SIGN_STYLE = Automatic;
				DEVELOPMENT_TEAM = KAYVKT322E;
				INFOPLIST_FILE = Extension/Info.plist;
				LD_RUNPATH_SEARCH_PATHS = "$(inherited) @executable_path/Frameworks";
				PRODUCT_BUNDLE_IDENTIFIER = com.mhfq.extension.Extension;
				PRODUCT_NAME = "$(TARGET_NAME)";
				SWIFT_VERSION = 4.0;
				TARGETED_DEVICE_FAMILY = "1,2";
			};
			name = Release;
		};
		1E0A3DD21FC5166D00B19E58 /* Debug */ = {
			isa = XCBuildConfiguration;
			buildSettings = {
				ALWAYS_EMBED_SWIFT_STANDARD_LIBRARIES = YES;
				BUNDLE_LOADER = "$(TEST_HOST)";
				CODE_SIGN_STYLE = Automatic;
				DEVELOPMENT_TEAM = KAYVKT322E;
				INFOPLIST_FILE = ExtensionTests/Info.plist;
				LD_RUNPATH_SEARCH_PATHS = "$(inherited) @executable_path/Frameworks @loader_path/Frameworks";
				PRODUCT_BUNDLE_IDENTIFIER = com.mhfq.extension.ExtensionTests;
				PRODUCT_NAME = "$(TARGET_NAME)";
				SWIFT_VERSION = 4.0;
				TARGETED_DEVICE_FAMILY = "1,2";
				TEST_HOST = "$(BUILT_PRODUCTS_DIR)/Extension.app/Extension";
			};
			name = Debug;
		};
		1E0A3DD31FC5166D00B19E58 /* Release */ = {
			isa = XCBuildConfiguration;
			buildSettings = {
				ALWAYS_EMBED_SWIFT_STANDARD_LIBRARIES = YES;
				BUNDLE_LOADER = "$(TEST_HOST)";
				CODE_SIGN_STYLE = Automatic;
				DEVELOPMENT_TEAM = KAYVKT322E;
				INFOPLIST_FILE = ExtensionTests/Info.plist;
				LD_RUNPATH_SEARCH_PATHS = "$(inherited) @executable_path/Frameworks @loader_path/Frameworks";
				PRODUCT_BUNDLE_IDENTIFIER = com.mhfq.extension.ExtensionTests;
				PRODUCT_NAME = "$(TARGET_NAME)";
				SWIFT_VERSION = 4.0;
				TARGETED_DEVICE_FAMILY = "1,2";
				TEST_HOST = "$(BUILT_PRODUCTS_DIR)/Extension.app/Extension";
			};
			name = Release;
		};
		1E0A3DD51FC5166D00B19E58 /* Debug */ = {
			isa = XCBuildConfiguration;
			buildSettings = {
				ALWAYS_EMBED_SWIFT_STANDARD_LIBRARIES = YES;
				CODE_SIGN_STYLE = Automatic;
				DEVELOPMENT_TEAM = KAYVKT322E;
				INFOPLIST_FILE = ExtensionUITests/Info.plist;
				LD_RUNPATH_SEARCH_PATHS = "$(inherited) @executable_path/Frameworks @loader_path/Frameworks";
				PRODUCT_BUNDLE_IDENTIFIER = com.mhfq.extension.ExtensionUITests;
				PRODUCT_NAME = "$(TARGET_NAME)";
				SWIFT_VERSION = 4.0;
				TARGETED_DEVICE_FAMILY = "1,2";
				TEST_TARGET_NAME = Extension;
			};
			name = Debug;
		};
		1E0A3DD61FC5166D00B19E58 /* Release */ = {
			isa = XCBuildConfiguration;
			buildSettings = {
				ALWAYS_EMBED_SWIFT_STANDARD_LIBRARIES = YES;
				CODE_SIGN_STYLE = Automatic;
				DEVELOPMENT_TEAM = KAYVKT322E;
				INFOPLIST_FILE = ExtensionUITests/Info.plist;
				LD_RUNPATH_SEARCH_PATHS = "$(inherited) @executable_path/Frameworks @loader_path/Frameworks";
				PRODUCT_BUNDLE_IDENTIFIER = com.mhfq.extension.ExtensionUITests;
				PRODUCT_NAME = "$(TARGET_NAME)";
				SWIFT_VERSION = 4.0;
				TARGETED_DEVICE_FAMILY = "1,2";
				TEST_TARGET_NAME = Extension;
			};
			name = Release;
		};
/* End XCBuildConfiguration section */

/* Begin XCConfigurationList section */
		1E0A3DA11FC5166D00B19E58 /* Build configuration list for PBXProject "Extension" */ = {
			isa = XCConfigurationList;
			buildConfigurations = (
				1E0A3DCC1FC5166D00B19E58 /* Debug */,
				1E0A3DCD1FC5166D00B19E58 /* Release */,
			);
			defaultConfigurationIsVisible = 0;
			defaultConfigurationName = Release;
		};
		1E0A3DCE1FC5166D00B19E58 /* Build configuration list for PBXNativeTarget "Extension" */ = {
			isa = XCConfigurationList;
			buildConfigurations = (
				1E0A3DCF1FC5166D00B19E58 /* Debug */,
				1E0A3DD01FC5166D00B19E58 /* Release */,
			);
			defaultConfigurationIsVisible = 0;
			defaultConfigurationName = Release;
		};
		1E0A3DD11FC5166D00B19E58 /* Build configuration list for PBXNativeTarget "ExtensionTests" */ = {
			isa = XCConfigurationList;
			buildConfigurations = (
				1E0A3DD21FC5166D00B19E58 /* Debug */,
				1E0A3DD31FC5166D00B19E58 /* Release */,
			);
			defaultConfigurationIsVisible = 0;
			defaultConfigurationName = Release;
		};
		1E0A3DD41FC5166D00B19E58 /* Build configuration list for PBXNativeTarget "ExtensionUITests" */ = {
			isa = XCConfigurationList;
			buildConfigurations = (
				1E0A3DD51FC5166D00B19E58 /* Debug */,
				1E0A3DD61FC5166D00B19E58 /* Release */,
			);
			defaultConfigurationIsVisible = 0;
			defaultConfigurationName = Release;
		};
/* End XCConfigurationList section */
	};
	rootObject = 1E0A3D9E1FC5166D00B19E58 /* Project object */;
}
