PODS:
  - Alamofire (4.6.0)
  - Differentiator (3.0.2)
  - NSObject+Rx (4.2.0):
    - RxSwift (~> 4.0)
  - ObjectMapper (3.1.0)
  - PromiseKit (4.5.1):
    - PromiseKit/Foundation (= 4.5.1)
    - PromiseKit/QuartzCore (= 4.5.1)
    - PromiseKit/UIKit (= 4.5.1)
  - PromiseKit/CorePromise (4.5.1)
  - PromiseKit/Foundation (4.5.1):
    - PromiseKit/CorePromise
  - PromiseKit/QuartzCore (4.5.1):
    - PromiseKit/CorePromise
  - PromiseKit/UIKit (4.5.1):
    - PromiseKit/CorePromise
  - ReactiveSwift (3.1.0):
    - Result (~> 3.2)
  - Result (3.2.4)
  - RxAlamofire (4.0.0):
    - RxAlamofire/Core (= 4.0.0)
  - RxAlamofire/Core (4.0.0):
    - Alamofire (~> 4.5)
    - RxSwift (~> 4.0)
  - RxBlocking (4.1.1):
    - RxSwift (~> 4.0)
  - RxCocoa (4.1.1):
    - RxSwift (~> 4.0)
  - RxDataSources (3.0.2):
    - Differentiator (~> 3.0)
    - RxCocoa (~> 4.0)
    - RxSwift (~> 4.0)
  - RxOptional (3.3.0):
    - RxCocoa (~> 4.0)
    - RxSwift (~> 4.0)
  - RxSwift (4.1.1)
  - RxTest (4.1.1):
    - RxSwift (~> 4.0)
  - SwiftyJSON (4.0.0)

DEPENDENCIES:
  - Alamofire (~> 4.5)
  - NSObject+Rx
  - ObjectMapper
  - PromiseKit
  - ReactiveSwift (~> 3.0)
  - RxAlamofire
  - RxBlocking (~> 4.0)
  - RxCocoa (~> 4.0)
  - RxDataSources (~> 3.0)
  - RxOptional
  - RxSwift (~> 4.0)
  - RxTest (~> 4.0)
  - SwiftyJSON

SPEC CHECKSUMS:
  Alamofire: f41a599bd63041760b26d393ec1069d9d7b917f4
  Differentiator: a87be69eba49ec4ab460c7671143ee3a9eececfd
  NSObject+Rx: cbbc05e3cb3ad446cdbced3e00e39c9efaf02925
  ObjectMapper: 20505058f54e5c3ca69e1d6de9897d152a5369a6
  PromiseKit: 445dac9b2c3c3b4b31b5f842bc325700b848a8bd
  ReactiveSwift: 5b26d2e988fe0eed2daf48c4054d1de74db50184
  Result: d2d07204ce72856f1fd9130bbe42c35a7b0fea10
  RxAlamofire: 6ea579ac53bf14cb4bc7049a3866e5a769989b1d
  RxBlocking: 22e7d7b86a1c0c42164a30d64f56f97128b4ffab
  RxCocoa: fd0862fd2df95fa55562ad28ffd2522c25eb4a85
  RxDataSources: cb7c31e652a87ebb919da45f716bbb87b3765f6b
  RxOptional: e5448d3e21024489e07c31f6a262f2b50c975367
  RxSwift: c6e3b1c7b325c7d121cd4327e9d98b7ed746b570
  RxTest: f934010a5b07ecd627cb70b38eb4baf0414591d2
  SwiftyJSON: 070dabdcb1beb81b247c65ffa3a79dbbfb3b48aa

PODFILE CHECKSUM: 5c7940daa3eadae4cad80715c4a55aa09763dec1

COCOAPODS: 1.4.0.beta.2
